{
  "version": 4,
  "terraform_version": "1.10.5",
  "serial": 883,
  "lineage": "d32ccc20-9871-fb90-34e1-bcde729a53f5",
  "outputs": {
    "api_gateway_url": {
      "value": "https://mpdcx9ah74.execute-api.us-east-1.amazonaws.com/",
      "type": "string"
    },
    "cloudfront_url": {
      "value": "d34o1pq4fivep8.cloudfront.net",
      "type": "string"
    }
  },
  "resources": [
    {
      "module": "module.frontend",
      "mode": "managed",
      "type": "aws_cloudfront_distribution",
      "name": "spa",
      "provider": "provider[\"registry.terraform.io/hashicorp/aws\"]",
      "instances": [
        {
          "schema_version": 1,
          "attributes": {
            "aliases": [],
            "arn": "arn:aws:cloudfront::182399709644:distribution/E2V9SQI8EGKW73",
            "caller_reference": "terraform-20250204225416450500000002",
            "comment": "todo CloudFront Distribution",
            "continuous_deployment_policy_id": "",
            "custom_error_response": [],
            "default_cache_behavior": [
              {
                "allowed_methods": [
                  "GET",
                  "HEAD"
                ],
                "cache_policy_id": "",
                "cached_methods": [
                  "GET",
                  "HEAD"
                ],
                "compress": false,
                "default_ttl": 0,
                "field_level_encryption_id": "",
                "forwarded_values": [
                  {
                    "cookies": [
                      {
                        "forward": "none",
                        "whitelisted_names": []
                      }
                    ],
                    "headers": [],
                    "query_string": false,
                    "query_string_cache_keys": []
                  }
                ],
                "function_association": [],
                "grpc_config": [
                  {
                    "enabled": false
                  }
                ],
                "lambda_function_association": [],
                "max_ttl": 0,
                "min_ttl": 0,
                "origin_request_policy_id": "",
                "realtime_log_config_arn": "",
                "response_headers_policy_id": "",
                "smooth_streaming": false,
                "target_origin_id": "todo-frontend-spa",
                "trusted_key_groups": [],
                "trusted_signers": [],
                "viewer_protocol_policy": "redirect-to-https"
              }
            ],
            "default_root_object": "index.html",
            "domain_name": "d34o1pq4fivep8.cloudfront.net",
            "enabled": true,
            "etag": "E1760SU6EI9I0L",
            "hosted_zone_id": "Z2FDTNDATAQYW2",
            "http_version": "http2",
            "id": "E2V9SQI8EGKW73",
            "in_progress_validation_batches": 0,
            "is_ipv6_enabled": false,
            "last_modified_time": "2025-02-04 22:54:16.694 +0000 UTC",
            "logging_config": [],
            "ordered_cache_behavior": [],
            "origin": [
              {
                "connection_attempts": 3,
                "connection_timeout": 10,
                "custom_header": [],
                "custom_origin_config": [],
                "domain_name": "todo-frontend-spa.s3.us-east-1.amazonaws.com",
                "origin_access_control_id": "",
                "origin_id": "todo-frontend-spa",
                "origin_path": "",
                "origin_shield": [],
                "s3_origin_config": [
                  {
                    "origin_access_identity": "origin-access-identity/cloudfront/E3EPUPSDID7RUZ"
                  }
                ],
                "vpc_origin_config": []
              }
            ],
            "origin_group": [],
            "price_class": "PriceClass_All",
            "restrictions": [
              {
                "geo_restriction": [
                  {
                    "locations": [],
                    "restriction_type": "none"
                  }
                ]
              }
            ],
            "retain_on_delete": false,
            "staging": false,
            "status": "Deployed",
            "tags": {},
            "tags_all": {},
            "trusted_key_groups": [
              {
                "enabled": false,
                "items": []
              }
            ],
            "trusted_signers": [
              {
                "enabled": false,
                "items": []
              }
            ],
            "viewer_certificate": [
              {
                "acm_certificate_arn": "",
                "cloudfront_default_certificate": true,
                "iam_certificate_id": "",
                "minimum_protocol_version": "TLSv1",
                "ssl_support_method": ""
              }
            ],
            "wait_for_deployment": true,
            "web_acl_id": ""
          },
          "sensitive_attributes": [],
          "private": "eyJzY2hlbWFfdmVyc2lvbiI6IjEifQ==",
          "dependencies": [
            "module.frontend.aws_cloudfront_origin_access_identity.spa",
            "module.frontend.aws_s3_bucket.spa",
            "module.todo-api.aws_apigatewayv2_api.tasks_api",
            "module.todo-api.aws_apigatewayv2_integration.tasks_lambda",
            "module.todo-api.aws_apigatewayv2_route.tasks_get",
            "module.todo-api.aws_apigatewayv2_route.tasks_post",
            "module.todo-api.aws_apigatewayv2_stage.tasks_stage",
            "module.todo-api.aws_cloudwatch_dashboard.serverless_dashboard",
            "module.todo-api.aws_cloudwatch_dashboard.test_dashboard",
            "module.todo-api.aws_db_instance.postgres",
            "module.todo-api.aws_db_subnet_group.private",
            "module.todo-api.aws_db_subnet_group.public",
            "module.todo-api.aws_eip.this",
            "module.todo-api.aws_iam_policy.secrets_policy",
            "module.todo-api.aws_iam_role.lambda_role",
            "module.todo-api.aws_iam_role_policy_attachment.lambda_basic",
            "module.todo-api.aws_iam_role_policy_attachment.lambda_secrets",
            "module.todo-api.aws_iam_role_policy_attachment.lambda_vpc",
            "module.todo-api.aws_internet_gateway.this",
            "module.todo-api.aws_kms_key.this",
            "module.todo-api.aws_lambda_function.my_lambda",
            "module.todo-api.aws_lambda_permission.api_gateway",
            "module.todo-api.aws_nat_gateway.this",
            "module.todo-api.aws_route.route_internet_to_natgw",
            "module.todo-api.aws_route_table.private",
            "module.todo-api.aws_route_table.public",
            "module.todo-api.aws_route_table_association.private",
            "module.todo-api.aws_route_table_association.public",
            "module.todo-api.aws_s3_bucket.lambda_bucket",
            "module.todo-api.aws_s3_bucket_versioning.lambda_bucket_versioning",
            "module.todo-api.aws_s3_object.lambda_code",
            "module.todo-api.aws_secretsmanager_secret.db_secret",
            "module.todo-api.aws_secretsmanager_secret.sentry_secret",
            "module.todo-api.aws_secretsmanager_secret.splunk_secret",
            "module.todo-api.aws_secretsmanager_secret_version.db_secret",
            "module.todo-api.aws_secretsmanager_secret_version.sentry_secret_version",
            "module.todo-api.aws_secretsmanager_secret_version.splunk_secret_version",
            "module.todo-api.aws_security_group.lambda",
            "module.todo-api.aws_security_group.rds",
            "module.todo-api.aws_subnet.private",
            "module.todo-api.aws_subnet.public",
            "module.todo-api.aws_vpc.this",
            "module.todo-api.aws_vpc_security_group_egress_rule.lambda_egress",
            "module.todo-api.aws_vpc_security_group_egress_rule.rds_egress",
            "module.todo-api.aws_vpc_security_group_ingress_rule.rds_ingress_lambda",
            "module.todo-api.aws_vpc_security_group_ingress_rule.rds_ingress_public",
            "module.todo-api.data.archive_file.lambda_zip",
            "module.todo-api.data.aws_secretsmanager_secret.database_secret",
            "module.todo-api.data.aws_secretsmanager_secret_version.database_secret",
            "module.todo-api.random_password.db_password"
          ]
        }
      ]
    },
    {
      "module": "module.frontend",
      "mode": "managed",
      "type": "aws_cloudfront_origin_access_identity",
      "name": "spa",
      "provider": "provider[\"registry.terraform.io/hashicorp/aws\"]",
      "instances": [
        {
          "schema_version": 0,
          "attributes": {
            "caller_reference": "terraform-20250204225410038500000001",
            "cloudfront_access_identity_path": "origin-access-identity/cloudfront/E3EPUPSDID7RUZ",
            "comment": "",
            "etag": "E2GWO7O3T982K3",
            "iam_arn": "arn:aws:iam::cloudfront:user/CloudFront Origin Access Identity E3EPUPSDID7RUZ",
            "id": "E3EPUPSDID7RUZ",
            "s3_canonical_user_id": "9f31adf7dd6204a94c9c88f9f87e517645d360af57fe528d3f19d98190f1a23a0d49ad7d60b9a96a52ee1f2965284954"
          },
          "sensitive_attributes": [],
          "private": "bnVsbA==",
          "dependencies": [
            "module.todo-api.aws_apigatewayv2_api.tasks_api",
            "module.todo-api.aws_apigatewayv2_integration.tasks_lambda",
            "module.todo-api.aws_apigatewayv2_route.tasks_get",
            "module.todo-api.aws_apigatewayv2_route.tasks_post",
            "module.todo-api.aws_apigatewayv2_stage.tasks_stage",
            "module.todo-api.aws_cloudwatch_dashboard.serverless_dashboard",
            "module.todo-api.aws_cloudwatch_dashboard.test_dashboard",
            "module.todo-api.aws_db_instance.postgres",
            "module.todo-api.aws_db_subnet_group.private",
            "module.todo-api.aws_db_subnet_group.public",
            "module.todo-api.aws_eip.this",
            "module.todo-api.aws_iam_policy.secrets_policy",
            "module.todo-api.aws_iam_role.lambda_role",
            "module.todo-api.aws_iam_role_policy_attachment.lambda_basic",
            "module.todo-api.aws_iam_role_policy_attachment.lambda_secrets",
            "module.todo-api.aws_iam_role_policy_attachment.lambda_vpc",
            "module.todo-api.aws_internet_gateway.this",
            "module.todo-api.aws_kms_key.this",
            "module.todo-api.aws_lambda_function.my_lambda",
            "module.todo-api.aws_lambda_permission.api_gateway",
            "module.todo-api.aws_nat_gateway.this",
            "module.todo-api.aws_route.route_internet_to_natgw",
            "module.todo-api.aws_route_table.private",
            "module.todo-api.aws_route_table.public",
            "module.todo-api.aws_route_table_association.private",
            "module.todo-api.aws_route_table_association.public",
            "module.todo-api.aws_s3_bucket.lambda_bucket",
            "module.todo-api.aws_s3_bucket_versioning.lambda_bucket_versioning",
            "module.todo-api.aws_s3_object.lambda_code",
            "module.todo-api.aws_secretsmanager_secret.db_secret",
            "module.todo-api.aws_secretsmanager_secret.sentry_secret",
            "module.todo-api.aws_secretsmanager_secret.splunk_secret",
            "module.todo-api.aws_secretsmanager_secret_version.db_secret",
            "module.todo-api.aws_secretsmanager_secret_version.sentry_secret_version",
            "module.todo-api.aws_secretsmanager_secret_version.splunk_secret_version",
            "module.todo-api.aws_security_group.lambda",
            "module.todo-api.aws_security_group.rds",
            "module.todo-api.aws_subnet.private",
            "module.todo-api.aws_subnet.public",
            "module.todo-api.aws_vpc.this",
            "module.todo-api.aws_vpc_security_group_egress_rule.lambda_egress",
            "module.todo-api.aws_vpc_security_group_egress_rule.rds_egress",
            "module.todo-api.aws_vpc_security_group_ingress_rule.rds_ingress_lambda",
            "module.todo-api.aws_vpc_security_group_ingress_rule.rds_ingress_public",
            "module.todo-api.data.archive_file.lambda_zip",
            "module.todo-api.data.aws_secretsmanager_secret.database_secret",
            "module.todo-api.data.aws_secretsmanager_secret_version.database_secret",
            "module.todo-api.random_password.db_password"
          ]
        }
      ]
    },
    {
      "module": "module.frontend",
      "mode": "managed",
      "type": "aws_s3_bucket",
      "name": "spa",
      "provider": "provider[\"registry.terraform.io/hashicorp/aws\"]",
      "instances": [
        {
          "schema_version": 0,
          "attributes": {
            "acceleration_status": "",
            "acl": null,
            "arn": "arn:aws:s3:::todo-frontend-spa",
            "bucket": "todo-frontend-spa",
            "bucket_domain_name": "todo-frontend-spa.s3.amazonaws.com",
            "bucket_prefix": "",
            "bucket_regional_domain_name": "todo-frontend-spa.s3.us-east-1.amazonaws.com",
            "cors_rule": [],
            "force_destroy": true,
            "grant": [
              {
                "id": "62bace2a62ad6c7e9fe4100f1bcfefeed2ab4528636db9cc071e6b43eb5541d5",
                "permissions": [
                  "FULL_CONTROL"
                ],
                "type": "CanonicalUser",
                "uri": ""
              }
            ],
            "hosted_zone_id": "Z3AQBSTGFYJSTF",
            "id": "todo-frontend-spa",
            "lifecycle_rule": [],
            "logging": [],
            "object_lock_configuration": [],
            "object_lock_enabled": false,
            "policy": "{\"Statement\":[{\"Action\":\"s3:GetObject\",\"Effect\":\"Allow\",\"Principal\":\"*\",\"Resource\":\"arn:aws:s3:::todo-frontend-spa/*\"}],\"Version\":\"2012-10-17\"}",
            "region": "us-east-1",
            "replication_configuration": [],
            "request_payer": "BucketOwner",
            "server_side_encryption_configuration": [
              {
                "rule": [
                  {
                    "apply_server_side_encryption_by_default": [
                      {
                        "kms_master_key_id": "",
                        "sse_algorithm": "AES256"
                      }
                    ],
                    "bucket_key_enabled": false
                  }
                ]
              }
            ],
            "tags": {},
            "tags_all": {},
            "timeouts": null,
            "versioning": [
              {
                "enabled": false,
                "mfa_delete": false
              }
            ],
            "website": [
              {
                "error_document": "",
                "index_document": "index.html",
                "redirect_all_requests_to": "",
                "routing_rules": ""
              }
            ],
            "website_domain": "s3-website-us-east-1.amazonaws.com",
            "website_endpoint": "todo-frontend-spa.s3-website-us-east-1.amazonaws.com"
          },
          "sensitive_attributes": [],
          "private": "eyJlMmJmYjczMC1lY2FhLTExZTYtOGY4OC0zNDM2M2JjN2M0YzAiOnsiY3JlYXRlIjoxMjAwMDAwMDAwMDAwLCJkZWxldGUiOjM2MDAwMDAwMDAwMDAsInJlYWQiOjEyMDAwMDAwMDAwMDAsInVwZGF0ZSI6MTIwMDAwMDAwMDAwMH19",
          "dependencies": [
            "module.todo-api.aws_apigatewayv2_api.tasks_api",
            "module.todo-api.aws_apigatewayv2_integration.tasks_lambda",
            "module.todo-api.aws_apigatewayv2_route.tasks_get",
            "module.todo-api.aws_apigatewayv2_route.tasks_post",
            "module.todo-api.aws_apigatewayv2_stage.tasks_stage",
            "module.todo-api.aws_cloudwatch_dashboard.serverless_dashboard",
            "module.todo-api.aws_cloudwatch_dashboard.test_dashboard",
            "module.todo-api.aws_db_instance.postgres",
            "module.todo-api.aws_db_subnet_group.private",
            "module.todo-api.aws_db_subnet_group.public",
            "module.todo-api.aws_eip.this",
            "module.todo-api.aws_iam_policy.secrets_policy",
            "module.todo-api.aws_iam_role.lambda_role",
            "module.todo-api.aws_iam_role_policy_attachment.lambda_basic",
            "module.todo-api.aws_iam_role_policy_attachment.lambda_secrets",
            "module.todo-api.aws_iam_role_policy_attachment.lambda_vpc",
            "module.todo-api.aws_internet_gateway.this",
            "module.todo-api.aws_kms_key.this",
            "module.todo-api.aws_lambda_function.my_lambda",
            "module.todo-api.aws_lambda_permission.api_gateway",
            "module.todo-api.aws_nat_gateway.this",
            "module.todo-api.aws_route.route_internet_to_natgw",
            "module.todo-api.aws_route_table.private",
            "module.todo-api.aws_route_table.public",
            "module.todo-api.aws_route_table_association.private",
            "module.todo-api.aws_route_table_association.public",
            "module.todo-api.aws_s3_bucket.lambda_bucket",
            "module.todo-api.aws_s3_bucket_versioning.lambda_bucket_versioning",
            "module.todo-api.aws_s3_object.lambda_code",
            "module.todo-api.aws_secretsmanager_secret.db_secret",
            "module.todo-api.aws_secretsmanager_secret.sentry_secret",
            "module.todo-api.aws_secretsmanager_secret.splunk_secret",
            "module.todo-api.aws_secretsmanager_secret_version.db_secret",
            "module.todo-api.aws_secretsmanager_secret_version.sentry_secret_version",
            "module.todo-api.aws_secretsmanager_secret_version.splunk_secret_version",
            "module.todo-api.aws_security_group.lambda",
            "module.todo-api.aws_security_group.rds",
            "module.todo-api.aws_subnet.private",
            "module.todo-api.aws_subnet.public",
            "module.todo-api.aws_vpc.this",
            "module.todo-api.aws_vpc_security_group_egress_rule.lambda_egress",
            "module.todo-api.aws_vpc_security_group_egress_rule.rds_egress",
            "module.todo-api.aws_vpc_security_group_ingress_rule.rds_ingress_lambda",
            "module.todo-api.aws_vpc_security_group_ingress_rule.rds_ingress_public",
            "module.todo-api.data.archive_file.lambda_zip",
            "module.todo-api.data.aws_secretsmanager_secret.database_secret",
            "module.todo-api.data.aws_secretsmanager_secret_version.database_secret",
            "module.todo-api.random_password.db_password"
          ]
        }
      ]
    },
    {
      "module": "module.frontend",
      "mode": "managed",
      "type": "aws_s3_bucket_ownership_controls",
      "name": "spa",
      "provider": "provider[\"registry.terraform.io/hashicorp/aws\"]",
      "instances": [
        {
          "schema_version": 0,
          "attributes": {
            "bucket": "todo-frontend-spa",
            "id": "todo-frontend-spa",
            "rule": [
              {
                "object_ownership": "BucketOwnerEnforced"
              }
            ]
          },
          "sensitive_attributes": [],
          "private": "bnVsbA==",
          "dependencies": [
            "module.frontend.aws_s3_bucket.spa",
            "module.todo-api.aws_apigatewayv2_api.tasks_api",
            "module.todo-api.aws_apigatewayv2_integration.tasks_lambda",
            "module.todo-api.aws_apigatewayv2_route.tasks_get",
            "module.todo-api.aws_apigatewayv2_route.tasks_post",
            "module.todo-api.aws_apigatewayv2_stage.tasks_stage",
            "module.todo-api.aws_cloudwatch_dashboard.serverless_dashboard",
            "module.todo-api.aws_cloudwatch_dashboard.test_dashboard",
            "module.todo-api.aws_db_instance.postgres",
            "module.todo-api.aws_db_subnet_group.private",
            "module.todo-api.aws_db_subnet_group.public",
            "module.todo-api.aws_eip.this",
            "module.todo-api.aws_iam_policy.secrets_policy",
            "module.todo-api.aws_iam_role.lambda_role",
            "module.todo-api.aws_iam_role_policy_attachment.lambda_basic",
            "module.todo-api.aws_iam_role_policy_attachment.lambda_secrets",
            "module.todo-api.aws_iam_role_policy_attachment.lambda_vpc",
            "module.todo-api.aws_internet_gateway.this",
            "module.todo-api.aws_kms_key.this",
            "module.todo-api.aws_lambda_function.my_lambda",
            "module.todo-api.aws_lambda_permission.api_gateway",
            "module.todo-api.aws_nat_gateway.this",
            "module.todo-api.aws_route.route_internet_to_natgw",
            "module.todo-api.aws_route_table.private",
            "module.todo-api.aws_route_table.public",
            "module.todo-api.aws_route_table_association.private",
            "module.todo-api.aws_route_table_association.public",
            "module.todo-api.aws_s3_bucket.lambda_bucket",
            "module.todo-api.aws_s3_bucket_versioning.lambda_bucket_versioning",
            "module.todo-api.aws_s3_object.lambda_code",
            "module.todo-api.aws_secretsmanager_secret.db_secret",
            "module.todo-api.aws_secretsmanager_secret.sentry_secret",
            "module.todo-api.aws_secretsmanager_secret.splunk_secret",
            "module.todo-api.aws_secretsmanager_secret_version.db_secret",
            "module.todo-api.aws_secretsmanager_secret_version.sentry_secret_version",
            "module.todo-api.aws_secretsmanager_secret_version.splunk_secret_version",
            "module.todo-api.aws_security_group.lambda",
            "module.todo-api.aws_security_group.rds",
            "module.todo-api.aws_subnet.private",
            "module.todo-api.aws_subnet.public",
            "module.todo-api.aws_vpc.this",
            "module.todo-api.aws_vpc_security_group_egress_rule.lambda_egress",
            "module.todo-api.aws_vpc_security_group_egress_rule.rds_egress",
            "module.todo-api.aws_vpc_security_group_ingress_rule.rds_ingress_lambda",
            "module.todo-api.aws_vpc_security_group_ingress_rule.rds_ingress_public",
            "module.todo-api.data.archive_file.lambda_zip",
            "module.todo-api.data.aws_secretsmanager_secret.database_secret",
            "module.todo-api.data.aws_secretsmanager_secret_version.database_secret",
            "module.todo-api.random_password.db_password"
          ]
        }
      ]
    },
    {
      "module": "module.frontend",
      "mode": "managed",
      "type": "aws_s3_bucket_policy",
      "name": "spa",
      "provider": "provider[\"registry.terraform.io/hashicorp/aws\"]",
      "instances": [
        {
          "schema_version": 0,
          "attributes": {
            "bucket": "todo-frontend-spa",
            "id": "todo-frontend-spa",
            "policy": "{\"Statement\":[{\"Action\":\"s3:GetObject\",\"Effect\":\"Allow\",\"Principal\":\"*\",\"Resource\":\"arn:aws:s3:::todo-frontend-spa/*\"}],\"Version\":\"2012-10-17\"}"
          },
          "sensitive_attributes": [],
          "private": "bnVsbA==",
          "dependencies": [
            "module.frontend.aws_s3_bucket.spa",
            "module.frontend.aws_s3_bucket_public_access_block.spa",
            "module.todo-api.aws_apigatewayv2_api.tasks_api",
            "module.todo-api.aws_apigatewayv2_integration.tasks_lambda",
            "module.todo-api.aws_apigatewayv2_route.tasks_get",
            "module.todo-api.aws_apigatewayv2_route.tasks_post",
            "module.todo-api.aws_apigatewayv2_stage.tasks_stage",
            "module.todo-api.aws_cloudwatch_dashboard.serverless_dashboard",
            "module.todo-api.aws_cloudwatch_dashboard.test_dashboard",
            "module.todo-api.aws_db_instance.postgres",
            "module.todo-api.aws_db_subnet_group.private",
            "module.todo-api.aws_db_subnet_group.public",
            "module.todo-api.aws_eip.this",
            "module.todo-api.aws_iam_policy.secrets_policy",
            "module.todo-api.aws_iam_role.lambda_role",
            "module.todo-api.aws_iam_role_policy_attachment.lambda_basic",
            "module.todo-api.aws_iam_role_policy_attachment.lambda_secrets",
            "module.todo-api.aws_iam_role_policy_attachment.lambda_vpc",
            "module.todo-api.aws_internet_gateway.this",
            "module.todo-api.aws_kms_key.this",
            "module.todo-api.aws_lambda_function.my_lambda",
            "module.todo-api.aws_lambda_permission.api_gateway",
            "module.todo-api.aws_nat_gateway.this",
            "module.todo-api.aws_route.route_internet_to_natgw",
            "module.todo-api.aws_route_table.private",
            "module.todo-api.aws_route_table.public",
            "module.todo-api.aws_route_table_association.private",
            "module.todo-api.aws_route_table_association.public",
            "module.todo-api.aws_s3_bucket.lambda_bucket",
            "module.todo-api.aws_s3_bucket_versioning.lambda_bucket_versioning",
            "module.todo-api.aws_s3_object.lambda_code",
            "module.todo-api.aws_secretsmanager_secret.db_secret",
            "module.todo-api.aws_secretsmanager_secret.sentry_secret",
            "module.todo-api.aws_secretsmanager_secret.splunk_secret",
            "module.todo-api.aws_secretsmanager_secret_version.db_secret",
            "module.todo-api.aws_secretsmanager_secret_version.sentry_secret_version",
            "module.todo-api.aws_secretsmanager_secret_version.splunk_secret_version",
            "module.todo-api.aws_security_group.lambda",
            "module.todo-api.aws_security_group.rds",
            "module.todo-api.aws_subnet.private",
            "module.todo-api.aws_subnet.public",
            "module.todo-api.aws_vpc.this",
            "module.todo-api.aws_vpc_security_group_egress_rule.lambda_egress",
            "module.todo-api.aws_vpc_security_group_egress_rule.rds_egress",
            "module.todo-api.aws_vpc_security_group_ingress_rule.rds_ingress_lambda",
            "module.todo-api.aws_vpc_security_group_ingress_rule.rds_ingress_public",
            "module.todo-api.data.archive_file.lambda_zip",
            "module.todo-api.data.aws_secretsmanager_secret.database_secret",
            "module.todo-api.data.aws_secretsmanager_secret_version.database_secret",
            "module.todo-api.random_password.db_password"
          ]
        }
      ]
    },
    {
      "module": "module.frontend",
      "mode": "managed",
      "type": "aws_s3_bucket_public_access_block",
      "name": "spa",
      "provider": "provider[\"registry.terraform.io/hashicorp/aws\"]",
      "instances": [
        {
          "schema_version": 0,
          "attributes": {
            "block_public_acls": true,
            "block_public_policy": false,
            "bucket": "todo-frontend-spa",
            "id": "todo-frontend-spa",
            "ignore_public_acls": true,
            "restrict_public_buckets": false
          },
          "sensitive_attributes": [],
          "private": "bnVsbA==",
          "dependencies": [
            "module.frontend.aws_s3_bucket.spa",
            "module.todo-api.aws_apigatewayv2_api.tasks_api",
            "module.todo-api.aws_apigatewayv2_integration.tasks_lambda",
            "module.todo-api.aws_apigatewayv2_route.tasks_get",
            "module.todo-api.aws_apigatewayv2_route.tasks_post",
            "module.todo-api.aws_apigatewayv2_stage.tasks_stage",
            "module.todo-api.aws_cloudwatch_dashboard.serverless_dashboard",
            "module.todo-api.aws_cloudwatch_dashboard.test_dashboard",
            "module.todo-api.aws_db_instance.postgres",
            "module.todo-api.aws_db_subnet_group.private",
            "module.todo-api.aws_db_subnet_group.public",
            "module.todo-api.aws_eip.this",
            "module.todo-api.aws_iam_policy.secrets_policy",
            "module.todo-api.aws_iam_role.lambda_role",
            "module.todo-api.aws_iam_role_policy_attachment.lambda_basic",
            "module.todo-api.aws_iam_role_policy_attachment.lambda_secrets",
            "module.todo-api.aws_iam_role_policy_attachment.lambda_vpc",
            "module.todo-api.aws_internet_gateway.this",
            "module.todo-api.aws_kms_key.this",
            "module.todo-api.aws_lambda_function.my_lambda",
            "module.todo-api.aws_lambda_permission.api_gateway",
            "module.todo-api.aws_nat_gateway.this",
            "module.todo-api.aws_route.route_internet_to_natgw",
            "module.todo-api.aws_route_table.private",
            "module.todo-api.aws_route_table.public",
            "module.todo-api.aws_route_table_association.private",
            "module.todo-api.aws_route_table_association.public",
            "module.todo-api.aws_s3_bucket.lambda_bucket",
            "module.todo-api.aws_s3_bucket_versioning.lambda_bucket_versioning",
            "module.todo-api.aws_s3_object.lambda_code",
            "module.todo-api.aws_secretsmanager_secret.db_secret",
            "module.todo-api.aws_secretsmanager_secret.sentry_secret",
            "module.todo-api.aws_secretsmanager_secret.splunk_secret",
            "module.todo-api.aws_secretsmanager_secret_version.db_secret",
            "module.todo-api.aws_secretsmanager_secret_version.sentry_secret_version",
            "module.todo-api.aws_secretsmanager_secret_version.splunk_secret_version",
            "module.todo-api.aws_security_group.lambda",
            "module.todo-api.aws_security_group.rds",
            "module.todo-api.aws_subnet.private",
            "module.todo-api.aws_subnet.public",
            "module.todo-api.aws_vpc.this",
            "module.todo-api.aws_vpc_security_group_egress_rule.lambda_egress",
            "module.todo-api.aws_vpc_security_group_egress_rule.rds_egress",
            "module.todo-api.aws_vpc_security_group_ingress_rule.rds_ingress_lambda",
            "module.todo-api.aws_vpc_security_group_ingress_rule.rds_ingress_public",
            "module.todo-api.data.archive_file.lambda_zip",
            "module.todo-api.data.aws_secretsmanager_secret.database_secret",
            "module.todo-api.data.aws_secretsmanager_secret_version.database_secret",
            "module.todo-api.random_password.db_password"
          ]
        }
      ]
    },
    {
      "module": "module.frontend",
      "mode": "managed",
      "type": "aws_s3_bucket_website_configuration",
      "name": "spa",
      "provider": "provider[\"registry.terraform.io/hashicorp/aws\"]",
      "instances": [
        {
          "schema_version": 0,
          "attributes": {
            "bucket": "todo-frontend-spa",
            "error_document": [],
            "expected_bucket_owner": "",
            "id": "todo-frontend-spa",
            "index_document": [
              {
                "suffix": "index.html"
              }
            ],
            "redirect_all_requests_to": [],
            "routing_rule": [],
            "routing_rules": "",
            "website_domain": "s3-website-us-east-1.amazonaws.com",
            "website_endpoint": "todo-frontend-spa.s3-website-us-east-1.amazonaws.com"
          },
          "sensitive_attributes": [],
          "private": "bnVsbA==",
          "dependencies": [
            "module.frontend.aws_s3_bucket.spa",
            "module.todo-api.aws_apigatewayv2_api.tasks_api",
            "module.todo-api.aws_apigatewayv2_integration.tasks_lambda",
            "module.todo-api.aws_apigatewayv2_route.tasks_get",
            "module.todo-api.aws_apigatewayv2_route.tasks_post",
            "module.todo-api.aws_apigatewayv2_stage.tasks_stage",
            "module.todo-api.aws_cloudwatch_dashboard.serverless_dashboard",
            "module.todo-api.aws_cloudwatch_dashboard.test_dashboard",
            "module.todo-api.aws_db_instance.postgres",
            "module.todo-api.aws_db_subnet_group.private",
            "module.todo-api.aws_db_subnet_group.public",
            "module.todo-api.aws_eip.this",
            "module.todo-api.aws_iam_policy.secrets_policy",
            "module.todo-api.aws_iam_role.lambda_role",
            "module.todo-api.aws_iam_role_policy_attachment.lambda_basic",
            "module.todo-api.aws_iam_role_policy_attachment.lambda_secrets",
            "module.todo-api.aws_iam_role_policy_attachment.lambda_vpc",
            "module.todo-api.aws_internet_gateway.this",
            "module.todo-api.aws_kms_key.this",
            "module.todo-api.aws_lambda_function.my_lambda",
            "module.todo-api.aws_lambda_permission.api_gateway",
            "module.todo-api.aws_nat_gateway.this",
            "module.todo-api.aws_route.route_internet_to_natgw",
            "module.todo-api.aws_route_table.private",
            "module.todo-api.aws_route_table.public",
            "module.todo-api.aws_route_table_association.private",
            "module.todo-api.aws_route_table_association.public",
            "module.todo-api.aws_s3_bucket.lambda_bucket",
            "module.todo-api.aws_s3_bucket_versioning.lambda_bucket_versioning",
            "module.todo-api.aws_s3_object.lambda_code",
            "module.todo-api.aws_secretsmanager_secret.db_secret",
            "module.todo-api.aws_secretsmanager_secret.sentry_secret",
            "module.todo-api.aws_secretsmanager_secret.splunk_secret",
            "module.todo-api.aws_secretsmanager_secret_version.db_secret",
            "module.todo-api.aws_secretsmanager_secret_version.sentry_secret_version",
            "module.todo-api.aws_secretsmanager_secret_version.splunk_secret_version",
            "module.todo-api.aws_security_group.lambda",
            "module.todo-api.aws_security_group.rds",
            "module.todo-api.aws_subnet.private",
            "module.todo-api.aws_subnet.public",
            "module.todo-api.aws_vpc.this",
            "module.todo-api.aws_vpc_security_group_egress_rule.lambda_egress",
            "module.todo-api.aws_vpc_security_group_egress_rule.rds_egress",
            "module.todo-api.aws_vpc_security_group_ingress_rule.rds_ingress_lambda",
            "module.todo-api.aws_vpc_security_group_ingress_rule.rds_ingress_public",
            "module.todo-api.data.archive_file.lambda_zip",
            "module.todo-api.data.aws_secretsmanager_secret.database_secret",
            "module.todo-api.data.aws_secretsmanager_secret_version.database_secret",
            "module.todo-api.random_password.db_password"
          ]
        }
      ]
    },
    {
      "module": "module.frontend",
      "mode": "managed",
      "type": "aws_s3_object",
      "name": "index",
      "provider": "provider[\"registry.terraform.io/hashicorp/aws\"]",
      "instances": [
        {
          "schema_version": 0,
          "attributes": {
            "acl": null,
            "arn": "arn:aws:s3:::todo-frontend-spa/index.html",
            "bucket": "todo-frontend-spa",
            "bucket_key_enabled": false,
            "cache_control": "",
            "checksum_algorithm": null,
            "checksum_crc32": "",
            "checksum_crc32c": "",
            "checksum_sha1": "",
            "checksum_sha256": "",
            "content": null,
            "content_base64": null,
            "content_disposition": "",
            "content_encoding": "",
            "content_language": "",
            "content_type": "text/html",
            "etag": "5629a773eeb95b1616a992ab5b66dc72",
            "force_destroy": false,
            "id": "index.html",
            "key": "index.html",
            "kms_key_id": null,
            "metadata": {},
            "object_lock_legal_hold_status": "",
            "object_lock_mode": "",
            "object_lock_retain_until_date": "",
            "override_provider": [],
            "server_side_encryption": "AES256",
            "source": "modules/frontend/spa/index.html",
            "source_hash": null,
            "storage_class": "STANDARD",
            "tags": {},
            "tags_all": {},
            "version_id": "",
            "website_redirect": ""
          },
          "sensitive_attributes": [],
          "private": "bnVsbA==",
          "dependencies": [
            "module.frontend.aws_s3_bucket.spa",
            "module.frontend.local_file.index_html",
            "module.todo-api.aws_apigatewayv2_api.tasks_api",
            "module.todo-api.aws_apigatewayv2_integration.tasks_lambda",
            "module.todo-api.aws_apigatewayv2_route.tasks_get",
            "module.todo-api.aws_apigatewayv2_route.tasks_post",
            "module.todo-api.aws_apigatewayv2_stage.tasks_stage",
            "module.todo-api.aws_cloudwatch_dashboard.serverless_dashboard",
            "module.todo-api.aws_cloudwatch_dashboard.test_dashboard",
            "module.todo-api.aws_db_instance.postgres",
            "module.todo-api.aws_db_subnet_group.private",
            "module.todo-api.aws_db_subnet_group.public",
            "module.todo-api.aws_eip.this",
            "module.todo-api.aws_iam_policy.secrets_policy",
            "module.todo-api.aws_iam_role.lambda_role",
            "module.todo-api.aws_iam_role_policy_attachment.lambda_basic",
            "module.todo-api.aws_iam_role_policy_attachment.lambda_secrets",
            "module.todo-api.aws_iam_role_policy_attachment.lambda_vpc",
            "module.todo-api.aws_internet_gateway.this",
            "module.todo-api.aws_kms_key.this",
            "module.todo-api.aws_lambda_function.my_lambda",
            "module.todo-api.aws_lambda_permission.api_gateway",
            "module.todo-api.aws_nat_gateway.this",
            "module.todo-api.aws_route.route_internet_to_natgw",
            "module.todo-api.aws_route_table.private",
            "module.todo-api.aws_route_table.public",
            "module.todo-api.aws_route_table_association.private",
            "module.todo-api.aws_route_table_association.public",
            "module.todo-api.aws_s3_bucket.lambda_bucket",
            "module.todo-api.aws_s3_bucket_versioning.lambda_bucket_versioning",
            "module.todo-api.aws_s3_object.lambda_code",
            "module.todo-api.aws_secretsmanager_secret.db_secret",
            "module.todo-api.aws_secretsmanager_secret.sentry_secret",
            "module.todo-api.aws_secretsmanager_secret.splunk_secret",
            "module.todo-api.aws_secretsmanager_secret_version.db_secret",
            "module.todo-api.aws_secretsmanager_secret_version.sentry_secret_version",
            "module.todo-api.aws_secretsmanager_secret_version.splunk_secret_version",
            "module.todo-api.aws_security_group.lambda",
            "module.todo-api.aws_security_group.rds",
            "module.todo-api.aws_subnet.private",
            "module.todo-api.aws_subnet.public",
            "module.todo-api.aws_vpc.this",
            "module.todo-api.aws_vpc_security_group_egress_rule.lambda_egress",
            "module.todo-api.aws_vpc_security_group_egress_rule.rds_egress",
            "module.todo-api.aws_vpc_security_group_ingress_rule.rds_ingress_lambda",
            "module.todo-api.aws_vpc_security_group_ingress_rule.rds_ingress_public",
            "module.todo-api.data.archive_file.lambda_zip",
            "module.todo-api.data.aws_secretsmanager_secret.database_secret",
            "module.todo-api.data.aws_secretsmanager_secret_version.database_secret",
            "module.todo-api.random_password.db_password"
          ]
        }
      ]
    },
    {
      "module": "module.frontend",
      "mode": "managed",
      "type": "local_file",
      "name": "index_html",
      "provider": "provider[\"registry.terraform.io/hashicorp/local\"]",
      "instances": [
        {
          "schema_version": 0,
          "attributes": {
            "content": "\u003c!DOCTYPE html\u003e\n\u003chtml lang=\"en\"\u003e\n\u003chead\u003e\n    \u003cmeta charset=\"UTF-8\"\u003e\n    \u003cmeta name=\"viewport\" content=\"width=device-width, initial-scale=1.0\"\u003e\n    \u003ctitle\u003eTodo App\u003c/title\u003e\n    \u003clink rel=\"icon\" type=\"image/png\" href=\"favicon.png\"\u003e\n    \u003cstyle\u003e\n        body { font-family: Arial, sans-serif; text-align: center; background-color: #f4f4f4; }\n        .container { max-width: 400px; margin: auto; background: white; padding: 20px; border-radius: 10px; box-shadow: 0 0 10px rgba(0, 0, 0, 0.1); }\n        .input-group { display: flex; flex-direction: column; gap: 10px; margin-bottom: 15px; text-align: left; }\n        input { padding: 10px; border: 1px solid #ccc; border-radius: 5px; width: calc(100% - 20px); margin: auto; display: block; }\n        button { padding: 10px; background: #28a745; color: white; border: none; border-radius: 5px; cursor: pointer; width: 100%; margin-top: 5px; }\n        button:hover { background: #218838; }\n        .refresh-btn { background: #007bff; margin-top: 5px; }\n        .refresh-btn:hover { background: #0056b3; }\n        ul { list-style-type: none; padding: 0; margin-top: 15px; }\n        li { background: #fff; padding: 10px; border-radius: 5px; box-shadow: 0 0 5px rgba(0, 0, 0, 0.1); margin-bottom: 10px; text-align: left; }\n        .task-title { font-weight: bold; color: #333; }\n        .task-description { color: #666; margin-top: 5px; }\n        .task-actions { display: flex; justify-content: flex-end; margin-top: 10px; }\n        .delete-btn { background: rgb(143, 107, 107); color: white; border: none; padding: 5px 10px; cursor: pointer; border-radius: 5px; }\n        .delete-btn:hover { background: darkred; }\n    \u003c/style\u003e\n\u003c/head\u003e\n\u003cbody\u003e\n    \u003cdiv class=\"container\"\u003e\n        \u003ch1\u003eToDo App\u003c/h1\u003e\n        \u003cdiv class=\"input-group\"\u003e\n            \u003cinput type=\"text\" id=\"taskTitle\" placeholder=\"Enter a title\"\u003e\n            \u003cinput type=\"text\" id=\"taskInput\" placeholder=\"Enter a description\"\u003e\n        \u003c/div\u003e\n        \u003cbutton onclick=\"addTask()\"\u003eAdd Task\u003c/button\u003e\n        \u003cbutton class=\"refresh-btn\" onclick=\"fetchTasks()\"\u003eRefresh\u003c/button\u003e\n        \u003cul id=\"taskList\"\u003e\u003c/ul\u003e\n    \u003c/div\u003e\n\n    \u003cscript\u003e\n        const apiUrl = \"https://mpdcx9ah74.execute-api.us-east-1.amazonaws.com/\";\n\n        async function fetchTasks() {\n            try {\n                const response = await fetch(`${apiUrl}tasks`);\n                if (!response.ok) throw new Error(\"Failed to fetch tasks\");\n\n                const tasks = await response.json();\n                const taskList = document.getElementById(\"taskList\");\n                taskList.innerHTML = \"\";\n\n                tasks.forEach(task =\u003e {\n                    const li = document.createElement(\"li\");\n\n                    const titleElement = document.createElement(\"div\");\n                    titleElement.classList.add(\"task-title\");\n                    titleElement.textContent = `Title: ${task.title}`;\n\n                    const descriptionElement = document.createElement(\"div\");\n                    descriptionElement.classList.add(\"task-description\");\n                    descriptionElement.textContent = `Description: ${task.description}`;\n\n                    const actionsDiv = document.createElement(\"div\");\n                    actionsDiv.classList.add(\"task-actions\");\n\n                    const deleteBtn = document.createElement(\"button\");\n                    deleteBtn.textContent = \"❌ Delete\";\n                    deleteBtn.classList.add(\"delete-btn\");\n                    deleteBtn.onclick = () =\u003e deleteTask(task.id);\n\n                    actionsDiv.appendChild(deleteBtn);\n\n                    li.appendChild(titleElement);\n                    li.appendChild(descriptionElement);\n                    li.appendChild(actionsDiv);\n                    taskList.appendChild(li);\n                });\n            } catch (error) {\n                console.error(\"Error fetching tasks:\", error);\n            }\n        }\n\n        async function addTask() {\n            const taskTitle = document.getElementById(\"taskTitle\").value.trim();\n            const taskInput = document.getElementById(\"taskInput\");\n            const taskDescription = taskInput.value.trim();\n            if (!taskTitle || !taskDescription) return;\n\n            try {\n                const response = await fetch(`${apiUrl}tasks`, {\n                    method: \"POST\",\n                    headers: { \"Content-Type\": \"application/json\" },\n                    body: JSON.stringify({ title: taskTitle, description: taskDescription })\n                });\n\n                if (!response.ok) throw new Error(\"Failed to add task\");\n\n                taskInput.value = \"\";\n                document.getElementById(\"taskTitle\").value = \"\";\n                fetchTasks();\n            } catch (error) {\n                console.error(\"Error adding task:\", error);\n            }\n        }\n\n        async function deleteTask(taskId) {\n            try {\n                const response = await fetch(`${apiUrl}tasks/${taskId}`, {\n                    method: \"DELETE\"\n                });\n\n                if (!response.ok) throw new Error(\"Failed to delete task\");\n\n                fetchTasks();\n            } catch (error) {\n                console.error(\"Error deleting task:\", error);\n            }\n        }\n\n        // Fetch tasks automatically on page load\n        window.onload = fetchTasks;\n    \u003c/script\u003e\n\u003c/body\u003e\n\u003c/html\u003e\n",
            "content_base64": null,
            "content_base64sha256": "T72JqDHUynsw9bX8oN3NlUtc7vpNhnF4h0Czmt3ztFs=",
            "content_base64sha512": "/VribTkyom7LiEFdTuorZHpDmTssys2IQ0qm9CT0JxLUPzusLmFrk1eL3fRucFAohs8M1Ajmhi22/THUtW7IMA==",
            "content_md5": "5629a773eeb95b1616a992ab5b66dc72",
            "content_sha1": "4f43098c48842b14190ab489430cdcd72b5af56f",
            "content_sha256": "4fbd89a831d4ca7b30f5b5fca0ddcd954b5ceefa4d8671788740b39addf3b45b",
            "content_sha512": "fd5ae26d3932a26ecb88415d4eea2b647a43993b2ccacd88434aa6f424f42712d43f3bac2e616b93578bddf46e70502886cf0cd408e6862db6fd31d4b56ec830",
            "directory_permission": "0777",
            "file_permission": "0777",
            "filename": "modules/frontend/spa/index.html",
            "id": "4f43098c48842b14190ab489430cdcd72b5af56f",
            "sensitive_content": null,
            "source": null
          },
          "sensitive_attributes": [
            [
              {
                "type": "get_attr",
                "value": "sensitive_content"
              }
            ]
          ],
          "dependencies": [
            "module.todo-api.aws_apigatewayv2_api.tasks_api",
            "module.todo-api.aws_apigatewayv2_integration.tasks_lambda",
            "module.todo-api.aws_apigatewayv2_route.tasks_get",
            "module.todo-api.aws_apigatewayv2_route.tasks_post",
            "module.todo-api.aws_apigatewayv2_stage.tasks_stage",
            "module.todo-api.aws_cloudwatch_dashboard.serverless_dashboard",
            "module.todo-api.aws_cloudwatch_dashboard.test_dashboard",
            "module.todo-api.aws_db_instance.postgres",
            "module.todo-api.aws_db_subnet_group.private",
            "module.todo-api.aws_db_subnet_group.public",
            "module.todo-api.aws_eip.this",
            "module.todo-api.aws_iam_policy.secrets_policy",
            "module.todo-api.aws_iam_role.lambda_role",
            "module.todo-api.aws_iam_role_policy_attachment.lambda_basic",
            "module.todo-api.aws_iam_role_policy_attachment.lambda_secrets",
            "module.todo-api.aws_iam_role_policy_attachment.lambda_vpc",
            "module.todo-api.aws_internet_gateway.this",
            "module.todo-api.aws_kms_key.this",
            "module.todo-api.aws_lambda_function.my_lambda",
            "module.todo-api.aws_lambda_permission.api_gateway",
            "module.todo-api.aws_nat_gateway.this",
            "module.todo-api.aws_route.route_internet_to_natgw",
            "module.todo-api.aws_route_table.private",
            "module.todo-api.aws_route_table.public",
            "module.todo-api.aws_route_table_association.private",
            "module.todo-api.aws_route_table_association.public",
            "module.todo-api.aws_s3_bucket.lambda_bucket",
            "module.todo-api.aws_s3_bucket_versioning.lambda_bucket_versioning",
            "module.todo-api.aws_s3_object.lambda_code",
            "module.todo-api.aws_secretsmanager_secret.db_secret",
            "module.todo-api.aws_secretsmanager_secret.sentry_secret",
            "module.todo-api.aws_secretsmanager_secret.splunk_secret",
            "module.todo-api.aws_secretsmanager_secret_version.db_secret",
            "module.todo-api.aws_secretsmanager_secret_version.sentry_secret_version",
            "module.todo-api.aws_secretsmanager_secret_version.splunk_secret_version",
            "module.todo-api.aws_security_group.lambda",
            "module.todo-api.aws_security_group.rds",
            "module.todo-api.aws_subnet.private",
            "module.todo-api.aws_subnet.public",
            "module.todo-api.aws_vpc.this",
            "module.todo-api.aws_vpc_security_group_egress_rule.lambda_egress",
            "module.todo-api.aws_vpc_security_group_egress_rule.rds_egress",
            "module.todo-api.aws_vpc_security_group_ingress_rule.rds_ingress_lambda",
            "module.todo-api.aws_vpc_security_group_ingress_rule.rds_ingress_public",
            "module.todo-api.data.archive_file.lambda_zip",
            "module.todo-api.data.aws_secretsmanager_secret.database_secret",
            "module.todo-api.data.aws_secretsmanager_secret_version.database_secret",
            "module.todo-api.random_password.db_password"
          ]
        }
      ]
    },
    {
      "module": "module.todo-api",
      "mode": "data",
      "type": "archive_file",
      "name": "lambda_zip",
      "provider": "provider[\"registry.terraform.io/hashicorp/archive\"]",
      "instances": [
        {
          "schema_version": 0,
          "attributes": {
            "exclude_symlink_directories": null,
            "excludes": null,
            "id": "8c362b3ececf1dadf2adfebffb28d6be04755ed4",
            "output_base64sha256": "su66FVE6dXLn3nFLWW4I/p9onbJvlmYwnRI5ImURIWA=",
            "output_base64sha512": "g1ZI3hMzGe66NxxsTluYO4YJdUltn8Nxzpms6ljHotZNX3jhOWCpWQOjq5K54uQ8ZGwxK/B6U0ilB4l63O15aQ==",
            "output_file_mode": null,
            "output_md5": "de2fffe620c5bfad8f4de0fa27b27100",
            "output_path": "modules/backend/lambda.zip",
            "output_sha": "8c362b3ececf1dadf2adfebffb28d6be04755ed4",
            "output_sha256": "b2eeba15513a7572e7de714b596e08fe9f689db26f9666309d12392265112160",
            "output_sha512": "835648de133319eeba371c6c4e5b983b860975496d9fc371ce99acea58c7a2d64d5f78e13960a95903a3ab92b9e2e43c646c312bf07a5348a507897adced7969",
            "output_size": 19106044,
            "source": [],
            "source_content": null,
            "source_content_filename": null,
            "source_dir": "../app/nodejs-api/todo-api",
            "source_file": null,
            "type": "zip"
          },
          "sensitive_attributes": []
        }
      ]
    },
    {
      "module": "module.todo-api",
      "mode": "data",
      "type": "aws_secretsmanager_secret",
      "name": "database_secret",
      "provider": "provider[\"registry.terraform.io/hashicorp/aws\"]",
      "instances": [
        {
          "schema_version": 0,
          "attributes": {
            "arn": "arn:aws:secretsmanager:us-east-1:182399709644:secret:rds-db-pwd-1AEskV",
            "created_date": "2025-02-04T21:49:38Z",
            "description": "DB credentials for RDS",
            "id": "arn:aws:secretsmanager:us-east-1:182399709644:secret:rds-db-pwd-1AEskV",
            "kms_key_id": "arn:aws:kms:us-east-1:182399709644:key/a5d4d731-02d6-4338-be8c-4c49e45b1aed",
            "last_changed_date": "2025-02-04T22:29:14Z",
            "name": "rds-db-pwd",
            "policy": "",
            "tags": {}
          },
          "sensitive_attributes": []
        }
      ]
    },
    {
      "module": "module.todo-api",
      "mode": "data",
      "type": "aws_secretsmanager_secret_version",
      "name": "database_secret",
      "provider": "provider[\"registry.terraform.io/hashicorp/aws\"]",
      "instances": [
        {
          "schema_version": 0,
          "attributes": {
            "arn": "arn:aws:secretsmanager:us-east-1:182399709644:secret:rds-db-pwd-1AEskV",
            "created_date": "2025-02-04T22:29:14Z",
            "id": "arn:aws:secretsmanager:us-east-1:182399709644:secret:rds-db-pwd-1AEskV|AWSCURRENT",
            "secret_binary": "",
            "secret_id": "arn:aws:secretsmanager:us-east-1:182399709644:secret:rds-db-pwd-1AEskV",
            "secret_string": "{\"password\":\"OHejkv0dMVCSpTrK\"}",
            "version_id": "terraform-20250204222914390100000001",
            "version_stage": "AWSCURRENT",
            "version_stages": [
              "AWSCURRENT"
            ]
          },
          "sensitive_attributes": [
            [
              {
                "type": "get_attr",
                "value": "secret_string"
              }
            ],
            [
              {
                "type": "get_attr",
                "value": "secret_binary"
              }
            ]
          ]
        }
      ]
    },
    {
      "module": "module.todo-api",
      "mode": "managed",
      "type": "aws_apigatewayv2_api",
      "name": "tasks_api",
      "provider": "provider[\"registry.terraform.io/hashicorp/aws\"]",
      "instances": [
        {
          "schema_version": 0,
          "attributes": {
            "api_endpoint": "https://mpdcx9ah74.execute-api.us-east-1.amazonaws.com",
            "api_key_selection_expression": "$request.header.x-api-key",
            "arn": "arn:aws:apigateway:us-east-1::/apis/mpdcx9ah74",
            "body": null,
            "cors_configuration": [
              {
                "allow_credentials": false,
                "allow_headers": [
                  "authorization",
                  "content-type"
                ],
                "allow_methods": [
                  "GET",
                  "OPTIONS",
                  "POST"
                ],
                "allow_origins": [
                  "*"
                ],
                "expose_headers": [],
                "max_age": 0
              }
            ],
            "credentials_arn": null,
            "description": "",
            "disable_execute_api_endpoint": false,
            "execution_arn": "arn:aws:execute-api:us-east-1:182399709644:mpdcx9ah74",
            "fail_on_warnings": null,
            "id": "mpdcx9ah74",
            "name": "tasks-api",
            "protocol_type": "HTTP",
            "route_key": null,
            "route_selection_expression": "$request.method $request.path",
            "tags": {},
            "tags_all": {},
            "target": null,
            "version": ""
          },
          "sensitive_attributes": [],
          "private": "bnVsbA=="
        }
      ]
    },
    {
      "module": "module.todo-api",
      "mode": "managed",
      "type": "aws_apigatewayv2_integration",
      "name": "tasks_lambda",
      "provider": "provider[\"registry.terraform.io/hashicorp/aws\"]",
      "instances": [
        {
          "schema_version": 0,
          "attributes": {
            "api_id": "mpdcx9ah74",
            "connection_id": "",
            "connection_type": "INTERNET",
            "content_handling_strategy": "",
            "credentials_arn": "",
            "description": "",
            "id": "smeyh1a",
            "integration_method": "POST",
            "integration_response_selection_expression": "",
            "integration_subtype": "",
            "integration_type": "AWS_PROXY",
            "integration_uri": "arn:aws:apigateway:us-east-1:lambda:path/2015-03-31/functions/arn:aws:lambda:us-east-1:182399709644:function:todo-lambda/invocations",
            "passthrough_behavior": "",
            "payload_format_version": "2.0",
            "request_parameters": {},
            "request_templates": {},
            "response_parameters": [],
            "template_selection_expression": "",
            "timeout_milliseconds": 30000,
            "tls_config": []
          },
          "sensitive_attributes": [],
          "private": "bnVsbA==",
          "dependencies": [
            "module.todo-api.aws_apigatewayv2_api.tasks_api",
            "module.todo-api.aws_db_instance.postgres",
            "module.todo-api.aws_db_subnet_group.public",
            "module.todo-api.aws_iam_role.lambda_role",
            "module.todo-api.aws_iam_role_policy_attachment.lambda_basic",
            "module.todo-api.aws_iam_role_policy_attachment.lambda_vpc",
            "module.todo-api.aws_kms_key.this",
            "module.todo-api.aws_lambda_function.my_lambda",
            "module.todo-api.aws_s3_bucket.lambda_bucket",
            "module.todo-api.aws_s3_object.lambda_code",
            "module.todo-api.aws_secretsmanager_secret.db_secret",
            "module.todo-api.aws_secretsmanager_secret_version.db_secret",
            "module.todo-api.aws_security_group.lambda",
            "module.todo-api.aws_security_group.rds",
            "module.todo-api.aws_subnet.private",
            "module.todo-api.aws_subnet.public",
            "module.todo-api.aws_vpc.this",
            "module.todo-api.data.archive_file.lambda_zip",
            "module.todo-api.random_password.db_password"
          ]
        }
      ]
    },
    {
      "module": "module.todo-api",
      "mode": "managed",
      "type": "aws_apigatewayv2_route",
      "name": "tasks_get",
      "provider": "provider[\"registry.terraform.io/hashicorp/aws\"]",
      "instances": [
        {
          "schema_version": 0,
          "attributes": {
            "api_id": "mpdcx9ah74",
            "api_key_required": false,
            "authorization_scopes": [],
            "authorization_type": "NONE",
            "authorizer_id": "",
            "id": "fjpzi12",
            "model_selection_expression": "",
            "operation_name": "",
            "request_models": {},
            "request_parameter": [],
            "route_key": "GET /tasks",
            "route_response_selection_expression": "",
            "target": "integrations/smeyh1a"
          },
          "sensitive_attributes": [],
          "private": "bnVsbA==",
          "dependencies": [
            "module.todo-api.aws_apigatewayv2_api.tasks_api",
            "module.todo-api.aws_apigatewayv2_integration.tasks_lambda",
            "module.todo-api.aws_db_instance.postgres",
            "module.todo-api.aws_db_subnet_group.public",
            "module.todo-api.aws_iam_role.lambda_role",
            "module.todo-api.aws_iam_role_policy_attachment.lambda_basic",
            "module.todo-api.aws_iam_role_policy_attachment.lambda_vpc",
            "module.todo-api.aws_kms_key.this",
            "module.todo-api.aws_lambda_function.my_lambda",
            "module.todo-api.aws_s3_bucket.lambda_bucket",
            "module.todo-api.aws_s3_object.lambda_code",
            "module.todo-api.aws_secretsmanager_secret.db_secret",
            "module.todo-api.aws_secretsmanager_secret_version.db_secret",
            "module.todo-api.aws_security_group.lambda",
            "module.todo-api.aws_security_group.rds",
            "module.todo-api.aws_subnet.private",
            "module.todo-api.aws_subnet.public",
            "module.todo-api.aws_vpc.this",
            "module.todo-api.data.archive_file.lambda_zip",
            "module.todo-api.random_password.db_password"
          ]
        }
      ]
    },
    {
      "module": "module.todo-api",
      "mode": "managed",
      "type": "aws_apigatewayv2_route",
      "name": "tasks_post",
      "provider": "provider[\"registry.terraform.io/hashicorp/aws\"]",
      "instances": [
        {
          "schema_version": 0,
          "attributes": {
            "api_id": "mpdcx9ah74",
            "api_key_required": false,
            "authorization_scopes": [],
            "authorization_type": "NONE",
            "authorizer_id": "",
            "id": "r0fd8mt",
            "model_selection_expression": "",
            "operation_name": "",
            "request_models": {},
            "request_parameter": [],
            "route_key": "POST /tasks",
            "route_response_selection_expression": "",
            "target": "integrations/smeyh1a"
          },
          "sensitive_attributes": [],
          "private": "bnVsbA==",
          "dependencies": [
            "module.todo-api.aws_apigatewayv2_api.tasks_api",
            "module.todo-api.aws_apigatewayv2_integration.tasks_lambda",
            "module.todo-api.aws_db_instance.postgres",
            "module.todo-api.aws_db_subnet_group.public",
            "module.todo-api.aws_iam_role.lambda_role",
            "module.todo-api.aws_iam_role_policy_attachment.lambda_basic",
            "module.todo-api.aws_iam_role_policy_attachment.lambda_vpc",
            "module.todo-api.aws_kms_key.this",
            "module.todo-api.aws_lambda_function.my_lambda",
            "module.todo-api.aws_s3_bucket.lambda_bucket",
            "module.todo-api.aws_s3_object.lambda_code",
            "module.todo-api.aws_secretsmanager_secret.db_secret",
            "module.todo-api.aws_secretsmanager_secret_version.db_secret",
            "module.todo-api.aws_security_group.lambda",
            "module.todo-api.aws_security_group.rds",
            "module.todo-api.aws_subnet.private",
            "module.todo-api.aws_subnet.public",
            "module.todo-api.aws_vpc.this",
            "module.todo-api.data.archive_file.lambda_zip",
            "module.todo-api.random_password.db_password"
          ]
        }
      ]
    },
    {
      "module": "module.todo-api",
      "mode": "managed",
      "type": "aws_apigatewayv2_stage",
      "name": "tasks_stage",
      "provider": "provider[\"registry.terraform.io/hashicorp/aws\"]",
      "instances": [
        {
          "schema_version": 0,
          "attributes": {
            "access_log_settings": [],
            "api_id": "mpdcx9ah74",
            "arn": "arn:aws:apigateway:us-east-1::/apis/mpdcx9ah74/stages/$default",
            "auto_deploy": true,
            "client_certificate_id": "",
            "default_route_settings": [
              {
                "data_trace_enabled": false,
                "detailed_metrics_enabled": false,
                "logging_level": "",
                "throttling_burst_limit": 0,
                "throttling_rate_limit": 0
              }
            ],
            "deployment_id": "iyhnnk",
            "description": "",
            "execution_arn": "arn:aws:execute-api:us-east-1:182399709644:mpdcx9ah74/$default",
            "id": "$default",
            "invoke_url": "https://mpdcx9ah74.execute-api.us-east-1.amazonaws.com/",
            "name": "$default",
            "route_settings": [],
            "stage_variables": {},
            "tags": {},
            "tags_all": {}
          },
          "sensitive_attributes": [],
          "private": "bnVsbA==",
          "dependencies": [
            "module.todo-api.aws_apigatewayv2_api.tasks_api"
          ]
        }
      ]
    },
    {
      "module": "module.todo-api",
      "mode": "managed",
      "type": "aws_cloudwatch_dashboard",
      "name": "test_dashboard",
      "provider": "provider[\"registry.terraform.io/hashicorp/aws\"]",
      "instances": [
        {
          "schema_version": 0,
          "attributes": {
            "dashboard_arn": "arn:aws:cloudwatch::182399709644:dashboard/test-dashboard",
            "dashboard_body": "{\"widgets\":[{\"height\":6,\"properties\":{\"metrics\":[[\"AWS/Lambda\",\"Invocations\",\"FunctionName\",\"todo-lambda\"]],\"region\":\"us-east-1\",\"stacked\":false,\"title\":\"Lambda Invocation Count\",\"view\":\"timeSeries\"},\"type\":\"metric\",\"width\":6,\"x\":0,\"y\":0},{\"height\":6,\"properties\":{\"metrics\":[[\"AWS/Lambda\",\"Duration\",\"FunctionName\",\"todo-lambda\"]],\"region\":\"us-east-1\",\"stacked\":false,\"title\":\"Lambda Duration (ms)\",\"view\":\"timeSeries\"},\"type\":\"metric\",\"width\":6,\"x\":6,\"y\":0},{\"height\":6,\"properties\":{\"metrics\":[[\"AWS/Lambda\",\"Errors\",\"FunctionName\",\"todo-lambda\"]],\"region\":\"us-east-1\",\"stacked\":false,\"title\":\"Lambda Errors\",\"view\":\"timeSeries\"},\"type\":\"metric\",\"width\":6,\"x\":12,\"y\":0},{\"height\":6,\"properties\":{\"metrics\":[[\"AWS/RDS\",\"CPUUtilization\",\"DBInstanceIdentifier\",\"todo-rds\"]],\"region\":\"us-east-1\",\"stacked\":false,\"title\":\"RDS CPU Utilization\",\"view\":\"timeSeries\"},\"type\":\"metric\",\"width\":6,\"x\":0,\"y\":6},{\"height\":6,\"properties\":{\"metrics\":[[\"AWS/RDS\",\"FreeStorageSpace\",\"DBInstanceIdentifier\",\"todo-rds\"]],\"region\":\"us-east-1\",\"stacked\":false,\"title\":\"RDS Free Storage Space\",\"view\":\"timeSeries\"},\"type\":\"metric\",\"width\":6,\"x\":6,\"y\":6},{\"height\":6,\"properties\":{\"metrics\":[[\"AWS/RDS\",\"DatabaseConnections\",\"DBInstanceIdentifier\",\"todo-rds\"]],\"region\":\"us-east-1\",\"stacked\":false,\"title\":\"RDS Database Connections\",\"view\":\"timeSeries\"},\"type\":\"metric\",\"width\":6,\"x\":12,\"y\":6}]}",
            "dashboard_name": "test-dashboard",
            "id": "test-dashboard"
          },
          "sensitive_attributes": [],
          "private": "bnVsbA==",
          "dependencies": [
            "module.todo-api.aws_db_instance.postgres",
            "module.todo-api.aws_db_subnet_group.public",
            "module.todo-api.aws_iam_role.lambda_role",
            "module.todo-api.aws_iam_role_policy_attachment.lambda_basic",
            "module.todo-api.aws_iam_role_policy_attachment.lambda_vpc",
            "module.todo-api.aws_kms_key.this",
            "module.todo-api.aws_lambda_function.my_lambda",
            "module.todo-api.aws_s3_bucket.lambda_bucket",
            "module.todo-api.aws_s3_object.lambda_code",
            "module.todo-api.aws_secretsmanager_secret.db_secret",
            "module.todo-api.aws_secretsmanager_secret_version.db_secret",
            "module.todo-api.aws_security_group.lambda",
            "module.todo-api.aws_security_group.rds",
            "module.todo-api.aws_subnet.private",
            "module.todo-api.aws_subnet.public",
            "module.todo-api.aws_vpc.this",
            "module.todo-api.data.archive_file.lambda_zip",
            "module.todo-api.random_password.db_password"
          ]
        }
      ]
    },
    {
      "module": "module.todo-api",
      "mode": "managed",
      "type": "aws_db_instance",
      "name": "postgres",
      "provider": "provider[\"registry.terraform.io/hashicorp/aws\"]",
      "instances": [
        {
          "schema_version": 2,
          "attributes": {
            "address": "todo-rds.cx48qq06sz0y.us-east-1.rds.amazonaws.com",
            "allocated_storage": 20,
            "allow_major_version_upgrade": null,
            "apply_immediately": false,
            "arn": "arn:aws:rds:us-east-1:182399709644:db:todo-rds",
            "auto_minor_version_upgrade": true,
            "availability_zone": "us-east-1b",
            "backup_retention_period": 1,
            "backup_target": "region",
            "backup_window": "06:49-07:19",
            "blue_green_update": [],
            "ca_cert_identifier": "rds-ca-rsa2048-g1",
            "character_set_name": "",
            "copy_tags_to_snapshot": false,
            "custom_iam_instance_profile": "",
            "customer_owned_ip_enabled": false,
            "db_name": "todo",
            "db_subnet_group_name": "todo-rds-public-subnet-group",
            "dedicated_log_volume": false,
            "delete_automated_backups": true,
            "deletion_protection": false,
            "domain": "",
            "domain_auth_secret_arn": "",
            "domain_dns_ips": [],
            "domain_fqdn": "",
            "domain_iam_role_name": "",
            "domain_ou": "",
            "enabled_cloudwatch_logs_exports": [],
            "endpoint": "todo-rds.cx48qq06sz0y.us-east-1.rds.amazonaws.com:5432",
            "engine": "postgres",
            "engine_lifecycle_support": "open-source-rds-extended-support",
            "engine_version": "17.1",
            "engine_version_actual": "17.1",
            "final_snapshot_identifier": null,
            "hosted_zone_id": "Z2R2ITUGPM61AM",
            "iam_database_authentication_enabled": false,
            "id": "db-C7YFTAC5ZSTGIESUZWD2NU4SBI",
            "identifier": "todo-rds",
            "identifier_prefix": "",
            "instance_class": "db.t3.micro",
            "iops": 0,
            "kms_key_id": "",
            "latest_restorable_time": "2025-02-05T04:22:27Z",
            "license_model": "postgresql-license",
            "listener_endpoint": [],
            "maintenance_window": "mon:06:05-mon:06:35",
            "manage_master_user_password": null,
            "master_user_secret": [],
            "master_user_secret_kms_key_id": null,
            "max_allocated_storage": 0,
            "monitoring_interval": 0,
            "monitoring_role_arn": "",
            "multi_az": false,
            "nchar_character_set_name": "",
            "network_type": "IPV4",
            "option_group_name": "default:postgres-17",
            "parameter_group_name": "default.postgres17",
            "password": "OHejkv0dMVCSpTrK",
            "performance_insights_enabled": false,
            "performance_insights_kms_key_id": "",
            "performance_insights_retention_period": 0,
            "port": 5432,
            "publicly_accessible": true,
            "replica_mode": "",
            "replicas": [],
            "replicate_source_db": "",
            "resource_id": "db-C7YFTAC5ZSTGIESUZWD2NU4SBI",
            "restore_to_point_in_time": [],
            "s3_import": [],
            "skip_final_snapshot": true,
            "snapshot_identifier": null,
            "status": "available",
            "storage_encrypted": false,
            "storage_throughput": 0,
            "storage_type": "gp2",
            "tags": {
              "Name": "todo-rds"
            },
            "tags_all": {
              "Name": "todo-rds"
            },
            "timeouts": null,
            "timezone": "",
            "upgrade_storage_config": null,
            "username": "todo_user",
            "vpc_security_group_ids": [
              "sg-04552a1d11c2fb527"
            ]
          },
          "sensitive_attributes": [
            [
              {
                "type": "get_attr",
                "value": "password"
              }
            ]
          ],
          "private": "eyJlMmJmYjczMC1lY2FhLTExZTYtOGY4OC0zNDM2M2JjN2M0YzAiOnsiY3JlYXRlIjozMDAwMDAwMDAwMDAwLCJkZWxldGUiOjM2MDAwMDAwMDAwMDAsInVwZGF0ZSI6NDgwMDAwMDAwMDAwMH0sInNjaGVtYV92ZXJzaW9uIjoiMiJ9",
          "dependencies": [
            "module.todo-api.aws_db_subnet_group.public",
            "module.todo-api.aws_kms_key.this",
            "module.todo-api.aws_secretsmanager_secret.db_secret",
            "module.todo-api.aws_secretsmanager_secret_version.db_secret",
            "module.todo-api.aws_security_group.rds",
            "module.todo-api.aws_subnet.public",
            "module.todo-api.aws_vpc.this",
            "module.todo-api.random_password.db_password"
          ]
        }
      ]
    },
    {
      "module": "module.todo-api",
      "mode": "managed",
      "type": "aws_db_subnet_group",
      "name": "private",
      "provider": "provider[\"registry.terraform.io/hashicorp/aws\"]",
      "instances": [
        {
          "schema_version": 0,
          "attributes": {
            "arn": "arn:aws:rds:us-east-1:182399709644:subgrp:todo-rds-private-subnet-group",
            "description": "Managed by Terraform",
            "id": "todo-rds-private-subnet-group",
            "name": "todo-rds-private-subnet-group",
            "name_prefix": "",
            "subnet_ids": [
              "subnet-094430b108b344ee2",
              "subnet-0fa5020a03280c3c3"
            ],
            "supported_network_types": [
              "IPV4"
            ],
            "tags": {},
            "tags_all": {},
            "vpc_id": "vpc-0b637228e04ecdfe3"
          },
          "sensitive_attributes": [],
          "private": "bnVsbA==",
          "dependencies": [
            "module.todo-api.aws_subnet.private",
            "module.todo-api.aws_vpc.this"
          ]
        }
      ]
    },
    {
      "module": "module.todo-api",
      "mode": "managed",
      "type": "aws_db_subnet_group",
      "name": "public",
      "provider": "provider[\"registry.terraform.io/hashicorp/aws\"]",
      "instances": [
        {
          "schema_version": 0,
          "attributes": {
            "arn": "arn:aws:rds:us-east-1:182399709644:subgrp:todo-rds-public-subnet-group",
            "description": "Managed by Terraform",
            "id": "todo-rds-public-subnet-group",
            "name": "todo-rds-public-subnet-group",
            "name_prefix": "",
            "subnet_ids": [
              "subnet-0475a32b0dd7b37e8",
              "subnet-0f8cbbec5a857c820"
            ],
            "supported_network_types": [
              "IPV4"
            ],
            "tags": {},
            "tags_all": {},
            "vpc_id": "vpc-0b637228e04ecdfe3"
          },
          "sensitive_attributes": [],
          "private": "bnVsbA==",
          "dependencies": [
            "module.todo-api.aws_subnet.public",
            "module.todo-api.aws_vpc.this"
          ]
        }
      ]
    },
    {
      "module": "module.todo-api",
      "mode": "managed",
      "type": "aws_eip",
      "name": "this",
      "provider": "provider[\"registry.terraform.io/hashicorp/aws\"]",
      "instances": [
        {
          "index_key": "pub-subnet-1",
          "schema_version": 0,
          "attributes": {
            "address": null,
            "allocation_id": "eipalloc-0707eb5d413af39fb",
            "arn": "arn:aws:ec2:us-east-1:182399709644:elastic-ip/eipalloc-0707eb5d413af39fb",
            "associate_with_private_ip": null,
            "association_id": "eipassoc-0dac2d5fee06de871",
            "carrier_ip": "",
            "customer_owned_ip": "",
            "customer_owned_ipv4_pool": "",
            "domain": "vpc",
            "id": "eipalloc-0707eb5d413af39fb",
            "instance": "",
            "ipam_pool_id": null,
            "network_border_group": "us-east-1",
            "network_interface": "eni-09ae9cba7fbbd2985",
            "private_dns": "ip-172-32-0-122.ec2.internal",
            "private_ip": "172.32.0.122",
            "ptr_record": "",
            "public_dns": "ec2-35-153-223-219.compute-1.amazonaws.com",
            "public_ip": "35.153.223.219",
            "public_ipv4_pool": "amazon",
            "tags": {
              "Name": "todo-pub-eip-001"
            },
            "tags_all": {
              "Name": "todo-pub-eip-001"
            },
            "timeouts": null,
            "vpc": true
          },
          "sensitive_attributes": [],
          "private": "eyJlMmJmYjczMC1lY2FhLTExZTYtOGY4OC0zNDM2M2JjN2M0YzAiOnsiZGVsZXRlIjoxODAwMDAwMDAwMDAsInJlYWQiOjkwMDAwMDAwMDAwMCwidXBkYXRlIjozMDAwMDAwMDAwMDB9fQ=="
        },
        {
          "index_key": "pub-subnet-2",
          "schema_version": 0,
          "attributes": {
            "address": null,
            "allocation_id": "eipalloc-04c57d553bc60d162",
            "arn": "arn:aws:ec2:us-east-1:182399709644:elastic-ip/eipalloc-04c57d553bc60d162",
            "associate_with_private_ip": null,
            "association_id": "eipassoc-03f23e78fc165f91a",
            "carrier_ip": "",
            "customer_owned_ip": "",
            "customer_owned_ipv4_pool": "",
            "domain": "vpc",
            "id": "eipalloc-04c57d553bc60d162",
            "instance": "",
            "ipam_pool_id": null,
            "network_border_group": "us-east-1",
            "network_interface": "eni-0d7b631d2dfe02a59",
            "private_dns": "ip-172-32-1-247.ec2.internal",
            "private_ip": "172.32.1.247",
            "ptr_record": "",
            "public_dns": "ec2-13-216-185-238.compute-1.amazonaws.com",
            "public_ip": "13.216.185.238",
            "public_ipv4_pool": "amazon",
            "tags": {
              "Name": "todo-pub-eip-002"
            },
            "tags_all": {
              "Name": "todo-pub-eip-002"
            },
            "timeouts": null,
            "vpc": true
          },
          "sensitive_attributes": [],
          "private": "eyJlMmJmYjczMC1lY2FhLTExZTYtOGY4OC0zNDM2M2JjN2M0YzAiOnsiZGVsZXRlIjoxODAwMDAwMDAwMDAsInJlYWQiOjkwMDAwMDAwMDAwMCwidXBkYXRlIjozMDAwMDAwMDAwMDB9fQ=="
        }
      ]
    },
    {
      "module": "module.todo-api",
      "mode": "managed",
      "type": "aws_iam_policy",
      "name": "secrets_policy",
      "provider": "provider[\"registry.terraform.io/hashicorp/aws\"]",
      "instances": [
        {
          "schema_version": 0,
          "attributes": {
            "arn": "arn:aws:iam::182399709644:policy/MultipleSecretsAccessPolicy",
            "attachment_count": 1,
            "description": "Allows access to multiple secrets in Secrets Manager",
            "id": "arn:aws:iam::182399709644:policy/MultipleSecretsAccessPolicy",
            "name": "MultipleSecretsAccessPolicy",
            "name_prefix": "",
            "path": "/",
            "policy": "{\"Statement\":[{\"Action\":[\"secretsmanager:GetSecretValue\"],\"Effect\":\"Allow\",\"Resource\":[\"arn:aws:secretsmanager:us-east-1:182399709644:secret:rds-db-pwd-1AEskV\",\"arn:aws:secretsmanager:us-east-1:182399709644:secret:sentry-dsn-v1-F10QtK\",\"arn:aws:secretsmanager:us-east-1:182399709644:secret:splunk-hec-secret-TE151W\"]}],\"Version\":\"2012-10-17\"}",
            "policy_id": "ANPASU566WHGDMQY44T6Y",
            "tags": {},
            "tags_all": {}
          },
          "sensitive_attributes": [],
          "private": "bnVsbA==",
          "dependencies": [
            "module.todo-api.aws_kms_key.this",
            "module.todo-api.aws_secretsmanager_secret.db_secret",
            "module.todo-api.aws_secretsmanager_secret.sentry_secret",
            "module.todo-api.aws_secretsmanager_secret.splunk_secret"
          ]
        }
      ]
    },
    {
      "module": "module.todo-api",
      "mode": "managed",
      "type": "aws_iam_role",
      "name": "lambda_role",
      "provider": "provider[\"registry.terraform.io/hashicorp/aws\"]",
      "instances": [
        {
          "schema_version": 0,
          "attributes": {
            "arn": "arn:aws:iam::182399709644:role/todo-lambda-role",
            "assume_role_policy": "{\"Statement\":[{\"Action\":\"sts:AssumeRole\",\"Effect\":\"Allow\",\"Principal\":{\"Service\":\"lambda.amazonaws.com\"}}],\"Version\":\"2012-10-17\"}",
            "create_date": "2025-02-04T21:36:16Z",
            "description": "",
            "force_detach_policies": false,
            "id": "todo-lambda-role",
            "inline_policy": [],
            "managed_policy_arns": [
              "arn:aws:iam::182399709644:policy/MultipleSecretsAccessPolicy",
              "arn:aws:iam::aws:policy/service-role/AWSLambdaBasicExecutionRole",
              "arn:aws:iam::aws:policy/service-role/AWSLambdaVPCAccessExecutionRole"
            ],
            "max_session_duration": 3600,
            "name": "todo-lambda-role",
            "name_prefix": "",
            "path": "/",
            "permissions_boundary": "",
            "tags": {},
            "tags_all": {},
            "unique_id": "AROASU566WHGKBZKJGYC2"
          },
          "sensitive_attributes": [],
          "private": "bnVsbA=="
        }
      ]
    },
    {
      "module": "module.todo-api",
      "mode": "managed",
      "type": "aws_iam_role_policy_attachment",
      "name": "lambda_basic",
      "provider": "provider[\"registry.terraform.io/hashicorp/aws\"]",
      "instances": [
        {
          "schema_version": 0,
          "attributes": {
            "id": "todo-lambda-role-20250204213618578300000004",
            "policy_arn": "arn:aws:iam::aws:policy/service-role/AWSLambdaBasicExecutionRole",
            "role": "todo-lambda-role"
          },
          "sensitive_attributes": [],
          "private": "bnVsbA==",
          "dependencies": [
            "module.todo-api.aws_iam_role.lambda_role"
          ]
        }
      ]
    },
    {
      "module": "module.todo-api",
      "mode": "managed",
      "type": "aws_iam_role_policy_attachment",
      "name": "lambda_secrets",
      "provider": "provider[\"registry.terraform.io/hashicorp/aws\"]",
      "instances": [
        {
          "schema_version": 0,
          "attributes": {
            "id": "todo-lambda-role-20250204220637583800000003",
            "policy_arn": "arn:aws:iam::182399709644:policy/MultipleSecretsAccessPolicy",
            "role": "todo-lambda-role"
          },
          "sensitive_attributes": [],
          "private": "bnVsbA==",
          "dependencies": [
            "module.todo-api.aws_iam_policy.secrets_policy",
            "module.todo-api.aws_iam_role.lambda_role",
            "module.todo-api.aws_kms_key.this",
            "module.todo-api.aws_secretsmanager_secret.db_secret",
            "module.todo-api.aws_secretsmanager_secret.sentry_secret",
            "module.todo-api.aws_secretsmanager_secret.splunk_secret"
          ]
        }
      ]
    },
    {
      "module": "module.todo-api",
      "mode": "managed",
      "type": "aws_iam_role_policy_attachment",
      "name": "lambda_vpc",
      "provider": "provider[\"registry.terraform.io/hashicorp/aws\"]",
      "instances": [
        {
          "schema_version": 0,
          "attributes": {
            "id": "todo-lambda-role-20250204213618266100000003",
            "policy_arn": "arn:aws:iam::aws:policy/service-role/AWSLambdaVPCAccessExecutionRole",
            "role": "todo-lambda-role"
          },
          "sensitive_attributes": [],
          "private": "bnVsbA==",
          "dependencies": [
            "module.todo-api.aws_iam_role.lambda_role"
          ]
        }
      ]
    },
    {
      "module": "module.todo-api",
      "mode": "managed",
      "type": "aws_internet_gateway",
      "name": "this",
      "provider": "provider[\"registry.terraform.io/hashicorp/aws\"]",
      "instances": [
        {
          "schema_version": 0,
          "attributes": {
            "arn": "arn:aws:ec2:us-east-1:182399709644:internet-gateway/igw-0f36b833a8c5f668f",
            "id": "igw-0f36b833a8c5f668f",
            "owner_id": "182399709644",
            "tags": {
              "Name": "todo-pub-igw-001"
            },
            "tags_all": {
              "Name": "todo-pub-igw-001"
            },
            "timeouts": null,
            "vpc_id": "vpc-0b637228e04ecdfe3"
          },
          "sensitive_attributes": [],
          "private": "eyJlMmJmYjczMC1lY2FhLTExZTYtOGY4OC0zNDM2M2JjN2M0YzAiOnsiY3JlYXRlIjoxMjAwMDAwMDAwMDAwLCJkZWxldGUiOjEyMDAwMDAwMDAwMDAsInVwZGF0ZSI6MTIwMDAwMDAwMDAwMH19",
          "dependencies": [
            "module.todo-api.aws_vpc.this"
          ]
        }
      ]
    },
    {
      "module": "module.todo-api",
      "mode": "managed",
      "type": "aws_kms_key",
      "name": "this",
      "provider": "provider[\"registry.terraform.io/hashicorp/aws\"]",
      "instances": [
        {
          "schema_version": 0,
          "attributes": {
            "arn": "arn:aws:kms:us-east-1:182399709644:key/a5d4d731-02d6-4338-be8c-4c49e45b1aed",
            "bypass_policy_lockout_safety_check": false,
            "custom_key_store_id": "",
            "customer_master_key_spec": "SYMMETRIC_DEFAULT",
            "deletion_window_in_days": 30,
            "description": "KMS key for secrets",
            "enable_key_rotation": true,
            "id": "a5d4d731-02d6-4338-be8c-4c49e45b1aed",
            "is_enabled": true,
            "key_id": "a5d4d731-02d6-4338-be8c-4c49e45b1aed",
            "key_usage": "ENCRYPT_DECRYPT",
            "multi_region": false,
            "policy": "{\"Statement\":[{\"Action\":\"kms:*\",\"Effect\":\"Allow\",\"Principal\":{\"AWS\":\"*\"},\"Resource\":\"*\",\"Sid\":\"Enable IAM User Permissions\"}],\"Version\":\"2012-10-17\"}",
            "rotation_period_in_days": 365,
            "tags": {},
            "tags_all": {},
            "timeouts": null,
            "xks_key_id": ""
          },
          "sensitive_attributes": [],
          "private": "eyJlMmJmYjczMC1lY2FhLTExZTYtOGY4OC0zNDM2M2JjN2M0YzAiOnsiY3JlYXRlIjoxMjAwMDAwMDAwMDB9fQ=="
        }
      ]
    },
    {
      "module": "module.todo-api",
      "mode": "managed",
      "type": "aws_lambda_function",
      "name": "my_lambda",
      "provider": "provider[\"registry.terraform.io/hashicorp/aws\"]",
      "instances": [
        {
          "schema_version": 0,
          "attributes": {
            "architectures": [
              "x86_64"
            ],
            "arn": "arn:aws:lambda:us-east-1:182399709644:function:todo-lambda",
            "code_sha256": "su66FVE6dXLn3nFLWW4I/p9onbJvlmYwnRI5ImURIWA=",
            "code_signing_config_arn": "",
            "dead_letter_config": [],
            "description": "Lambda Function for Todo API",
            "environment": [
              {
                "variables": {
                  "DB_HOST": "todo-rds.cx48qq06sz0y.us-east-1.rds.amazonaws.com",
                  "DB_NAME": "todo",
                  "DB_PORT": "5432",
                  "DB_USER": "todo_user",
                  "SPLUNK_HEC_URL": "https://prd-p-rgrkh.splunkcloud.com:8088"
                }
              }
            ],
            "ephemeral_storage": [
              {
                "size": 512
              }
            ],
            "file_system_config": [],
            "filename": null,
            "function_name": "todo-lambda",
            "handler": "app.handler",
            "id": "todo-lambda",
            "image_config": [],
            "image_uri": "",
            "invoke_arn": "arn:aws:apigateway:us-east-1:lambda:path/2015-03-31/functions/arn:aws:lambda:us-east-1:182399709644:function:todo-lambda/invocations",
            "kms_key_arn": "",
            "last_modified": "2025-02-04T22:50:15.672+0000",
            "layers": [],
            "logging_config": [
              {
                "application_log_level": "",
                "log_format": "Text",
                "log_group": "/aws/lambda/todo-lambda",
                "system_log_level": ""
              }
            ],
            "memory_size": 128,
            "package_type": "Zip",
            "publish": false,
            "qualified_arn": "arn:aws:lambda:us-east-1:182399709644:function:todo-lambda:$LATEST",
            "qualified_invoke_arn": "arn:aws:apigateway:us-east-1:lambda:path/2015-03-31/functions/arn:aws:lambda:us-east-1:182399709644:function:todo-lambda:$LATEST/invocations",
            "replace_security_groups_on_destroy": null,
            "replacement_security_group_ids": null,
            "reserved_concurrent_executions": -1,
            "role": "arn:aws:iam::182399709644:role/todo-lambda-role",
            "runtime": "nodejs22.x",
            "s3_bucket": "todo-code-bucket",
            "s3_key": "lambda.zip",
            "s3_object_version": null,
            "signing_job_arn": "",
            "signing_profile_version_arn": "",
            "skip_destroy": false,
            "snap_start": [],
            "source_code_hash": "su66FVE6dXLn3nFLWW4I/p9onbJvlmYwnRI5ImURIWA=",
            "source_code_size": 19106044,
            "tags": {
              "Name": "todo-lambda"
            },
            "tags_all": {
              "Name": "todo-lambda"
            },
            "timeout": 30,
            "timeouts": null,
            "tracing_config": [
              {
                "mode": "PassThrough"
              }
            ],
            "version": "$LATEST",
            "vpc_config": [
              {
                "ipv6_allowed_for_dual_stack": false,
                "security_group_ids": [
                  "sg-03526d48b5ef4af71"
                ],
                "subnet_ids": [
                  "subnet-094430b108b344ee2",
                  "subnet-0fa5020a03280c3c3"
                ],
                "vpc_id": "vpc-0b637228e04ecdfe3"
              }
            ]
          },
          "sensitive_attributes": [],
          "private": "eyJlMmJmYjczMC1lY2FhLTExZTYtOGY4OC0zNDM2M2JjN2M0YzAiOnsiY3JlYXRlIjo2MDAwMDAwMDAwMDAsImRlbGV0ZSI6NjAwMDAwMDAwMDAwLCJ1cGRhdGUiOjYwMDAwMDAwMDAwMH19",
          "dependencies": [
            "module.todo-api.aws_db_instance.postgres",
            "module.todo-api.aws_db_subnet_group.public",
            "module.todo-api.aws_iam_role.lambda_role",
            "module.todo-api.aws_iam_role_policy_attachment.lambda_basic",
            "module.todo-api.aws_iam_role_policy_attachment.lambda_vpc",
            "module.todo-api.aws_kms_key.this",
            "module.todo-api.aws_s3_bucket.lambda_bucket",
            "module.todo-api.aws_s3_object.lambda_code",
            "module.todo-api.aws_secretsmanager_secret.db_secret",
            "module.todo-api.aws_secretsmanager_secret_version.db_secret",
            "module.todo-api.aws_security_group.lambda",
            "module.todo-api.aws_security_group.rds",
            "module.todo-api.aws_subnet.private",
            "module.todo-api.aws_subnet.public",
            "module.todo-api.aws_vpc.this",
            "module.todo-api.data.archive_file.lambda_zip",
            "module.todo-api.random_password.db_password"
          ]
        }
      ]
    },
    {
      "module": "module.todo-api",
      "mode": "managed",
      "type": "aws_lambda_permission",
      "name": "api_gateway",
      "provider": "provider[\"registry.terraform.io/hashicorp/aws\"]",
      "instances": [
        {
          "schema_version": 0,
          "attributes": {
            "action": "lambda:InvokeFunction",
            "event_source_token": null,
            "function_name": "todo-lambda",
            "function_url_auth_type": null,
            "id": "AllowAPIGatewayInvoke",
            "principal": "apigateway.amazonaws.com",
            "principal_org_id": null,
            "qualifier": "",
            "source_account": null,
            "source_arn": "arn:aws:execute-api:us-east-1:182399709644:mpdcx9ah74/*",
            "statement_id": "AllowAPIGatewayInvoke",
            "statement_id_prefix": ""
          },
          "sensitive_attributes": [],
          "private": "bnVsbA==",
          "dependencies": [
            "module.todo-api.aws_apigatewayv2_api.tasks_api",
            "module.todo-api.aws_db_instance.postgres",
            "module.todo-api.aws_db_subnet_group.public",
            "module.todo-api.aws_iam_role.lambda_role",
            "module.todo-api.aws_iam_role_policy_attachment.lambda_basic",
            "module.todo-api.aws_iam_role_policy_attachment.lambda_vpc",
            "module.todo-api.aws_kms_key.this",
            "module.todo-api.aws_lambda_function.my_lambda",
            "module.todo-api.aws_s3_bucket.lambda_bucket",
            "module.todo-api.aws_s3_object.lambda_code",
            "module.todo-api.aws_secretsmanager_secret.db_secret",
            "module.todo-api.aws_secretsmanager_secret_version.db_secret",
            "module.todo-api.aws_security_group.lambda",
            "module.todo-api.aws_security_group.rds",
            "module.todo-api.aws_subnet.private",
            "module.todo-api.aws_subnet.public",
            "module.todo-api.aws_vpc.this",
            "module.todo-api.data.archive_file.lambda_zip",
            "module.todo-api.random_password.db_password"
          ]
        }
      ]
    },
    {
      "module": "module.todo-api",
      "mode": "managed",
      "type": "aws_nat_gateway",
      "name": "this",
      "provider": "provider[\"registry.terraform.io/hashicorp/aws\"]",
      "instances": [
        {
          "index_key": "pub-subnet-1",
          "schema_version": 0,
          "attributes": {
            "allocation_id": "eipalloc-0707eb5d413af39fb",
            "association_id": "eipassoc-0dac2d5fee06de871",
            "connectivity_type": "public",
            "id": "nat-044e65a699ee2b8e2",
            "network_interface_id": "eni-09ae9cba7fbbd2985",
            "private_ip": "172.32.0.122",
            "public_ip": "35.153.223.219",
            "secondary_allocation_ids": [],
            "secondary_private_ip_address_count": 0,
            "secondary_private_ip_addresses": [],
            "subnet_id": "subnet-0f8cbbec5a857c820",
            "tags": {
              "Name": "todo-pub-natgw-001"
            },
            "tags_all": {
              "Name": "todo-pub-natgw-001"
            },
            "timeouts": null
          },
          "sensitive_attributes": [],
          "private": "eyJlMmJmYjczMC1lY2FhLTExZTYtOGY4OC0zNDM2M2JjN2M0YzAiOnsiY3JlYXRlIjo2MDAwMDAwMDAwMDAsImRlbGV0ZSI6MTgwMDAwMDAwMDAwMCwidXBkYXRlIjo2MDAwMDAwMDAwMDB9fQ==",
          "dependencies": [
            "module.todo-api.aws_eip.this",
            "module.todo-api.aws_subnet.public",
            "module.todo-api.aws_vpc.this"
          ]
        },
        {
          "index_key": "pub-subnet-2",
          "schema_version": 0,
          "attributes": {
            "allocation_id": "eipalloc-04c57d553bc60d162",
            "association_id": "eipassoc-03f23e78fc165f91a",
            "connectivity_type": "public",
            "id": "nat-02ade56d5f67df39b",
            "network_interface_id": "eni-0d7b631d2dfe02a59",
            "private_ip": "172.32.1.247",
            "public_ip": "13.216.185.238",
            "secondary_allocation_ids": [],
            "secondary_private_ip_address_count": 0,
            "secondary_private_ip_addresses": [],
            "subnet_id": "subnet-0475a32b0dd7b37e8",
            "tags": {
              "Name": "todo-pub-natgw-002"
            },
            "tags_all": {
              "Name": "todo-pub-natgw-002"
            },
            "timeouts": null
          },
          "sensitive_attributes": [],
          "private": "eyJlMmJmYjczMC1lY2FhLTExZTYtOGY4OC0zNDM2M2JjN2M0YzAiOnsiY3JlYXRlIjo2MDAwMDAwMDAwMDAsImRlbGV0ZSI6MTgwMDAwMDAwMDAwMCwidXBkYXRlIjo2MDAwMDAwMDAwMDB9fQ==",
          "dependencies": [
            "module.todo-api.aws_eip.this",
            "module.todo-api.aws_subnet.public",
            "module.todo-api.aws_vpc.this"
          ]
        }
      ]
    },
    {
      "module": "module.todo-api",
      "mode": "managed",
      "type": "aws_route",
      "name": "route_internet_to_natgw",
      "provider": "provider[\"registry.terraform.io/hashicorp/aws\"]",
      "instances": [
        {
          "index_key": "priv-subnet-1",
          "schema_version": 0,
          "attributes": {
            "carrier_gateway_id": "",
            "core_network_arn": "",
            "destination_cidr_block": "0.0.0.0/0",
            "destination_ipv6_cidr_block": "",
            "destination_prefix_list_id": "",
            "egress_only_gateway_id": "",
            "gateway_id": "",
            "id": "r-rtb-0db914cbc712131551080289494",
            "instance_id": "",
            "instance_owner_id": "",
            "local_gateway_id": "",
            "nat_gateway_id": "nat-044e65a699ee2b8e2",
            "network_interface_id": "",
            "origin": "CreateRoute",
            "route_table_id": "rtb-0db914cbc71213155",
            "state": "active",
            "timeouts": null,
            "transit_gateway_id": "",
            "vpc_endpoint_id": "",
            "vpc_peering_connection_id": ""
          },
          "sensitive_attributes": [],
          "private": "eyJlMmJmYjczMC1lY2FhLTExZTYtOGY4OC0zNDM2M2JjN2M0YzAiOnsiY3JlYXRlIjozMDAwMDAwMDAwMDAsImRlbGV0ZSI6MzAwMDAwMDAwMDAwLCJ1cGRhdGUiOjEyMDAwMDAwMDAwMH19",
          "dependencies": [
            "module.todo-api.aws_eip.this",
            "module.todo-api.aws_nat_gateway.this",
            "module.todo-api.aws_route_table.private",
            "module.todo-api.aws_subnet.public",
            "module.todo-api.aws_vpc.this"
          ]
        },
        {
          "index_key": "priv-subnet-2",
          "schema_version": 0,
          "attributes": {
            "carrier_gateway_id": "",
            "core_network_arn": "",
            "destination_cidr_block": "0.0.0.0/0",
            "destination_ipv6_cidr_block": "",
            "destination_prefix_list_id": "",
            "egress_only_gateway_id": "",
            "gateway_id": "",
            "id": "r-rtb-0ef12d19e68047d901080289494",
            "instance_id": "",
            "instance_owner_id": "",
            "local_gateway_id": "",
            "nat_gateway_id": "nat-044e65a699ee2b8e2",
            "network_interface_id": "",
            "origin": "CreateRoute",
            "route_table_id": "rtb-0ef12d19e68047d90",
            "state": "active",
            "timeouts": null,
            "transit_gateway_id": "",
            "vpc_endpoint_id": "",
            "vpc_peering_connection_id": ""
          },
          "sensitive_attributes": [],
          "private": "eyJlMmJmYjczMC1lY2FhLTExZTYtOGY4OC0zNDM2M2JjN2M0YzAiOnsiY3JlYXRlIjozMDAwMDAwMDAwMDAsImRlbGV0ZSI6MzAwMDAwMDAwMDAwLCJ1cGRhdGUiOjEyMDAwMDAwMDAwMH19",
          "dependencies": [
            "module.todo-api.aws_eip.this",
            "module.todo-api.aws_nat_gateway.this",
            "module.todo-api.aws_route_table.private",
            "module.todo-api.aws_subnet.public",
            "module.todo-api.aws_vpc.this"
          ]
        }
      ]
    },
    {
      "module": "module.todo-api",
      "mode": "managed",
      "type": "aws_route_table",
      "name": "private",
      "provider": "provider[\"registry.terraform.io/hashicorp/aws\"]",
      "instances": [
        {
          "index_key": "priv-subnet-1",
          "schema_version": 0,
          "attributes": {
            "arn": "arn:aws:ec2:us-east-1:182399709644:route-table/rtb-0db914cbc71213155",
            "id": "rtb-0db914cbc71213155",
            "owner_id": "182399709644",
            "propagating_vgws": [],
            "route": [
              {
                "carrier_gateway_id": "",
                "cidr_block": "0.0.0.0/0",
                "core_network_arn": "",
                "destination_prefix_list_id": "",
                "egress_only_gateway_id": "",
                "gateway_id": "",
                "ipv6_cidr_block": "",
                "local_gateway_id": "",
                "nat_gateway_id": "nat-044e65a699ee2b8e2",
                "network_interface_id": "",
                "transit_gateway_id": "",
                "vpc_endpoint_id": "",
                "vpc_peering_connection_id": ""
              }
            ],
            "tags": {
              "Name": "todo-int-rt-001"
            },
            "tags_all": {
              "Name": "todo-int-rt-001"
            },
            "timeouts": null,
            "vpc_id": "vpc-0b637228e04ecdfe3"
          },
          "sensitive_attributes": [],
          "private": "eyJlMmJmYjczMC1lY2FhLTExZTYtOGY4OC0zNDM2M2JjN2M0YzAiOnsiY3JlYXRlIjozMDAwMDAwMDAwMDAsImRlbGV0ZSI6MzAwMDAwMDAwMDAwLCJ1cGRhdGUiOjEyMDAwMDAwMDAwMH19",
          "dependencies": [
            "module.todo-api.aws_vpc.this"
          ]
        },
        {
          "index_key": "priv-subnet-2",
          "schema_version": 0,
          "attributes": {
            "arn": "arn:aws:ec2:us-east-1:182399709644:route-table/rtb-0ef12d19e68047d90",
            "id": "rtb-0ef12d19e68047d90",
            "owner_id": "182399709644",
            "propagating_vgws": [],
            "route": [
              {
                "carrier_gateway_id": "",
                "cidr_block": "0.0.0.0/0",
                "core_network_arn": "",
                "destination_prefix_list_id": "",
                "egress_only_gateway_id": "",
                "gateway_id": "",
                "ipv6_cidr_block": "",
                "local_gateway_id": "",
                "nat_gateway_id": "nat-044e65a699ee2b8e2",
                "network_interface_id": "",
                "transit_gateway_id": "",
                "vpc_endpoint_id": "",
                "vpc_peering_connection_id": ""
              }
            ],
            "tags": {
              "Name": "todo-int-rt-002"
            },
            "tags_all": {
              "Name": "todo-int-rt-002"
            },
            "timeouts": null,
            "vpc_id": "vpc-0b637228e04ecdfe3"
          },
          "sensitive_attributes": [],
          "private": "eyJlMmJmYjczMC1lY2FhLTExZTYtOGY4OC0zNDM2M2JjN2M0YzAiOnsiY3JlYXRlIjozMDAwMDAwMDAwMDAsImRlbGV0ZSI6MzAwMDAwMDAwMDAwLCJ1cGRhdGUiOjEyMDAwMDAwMDAwMH19",
          "dependencies": [
            "module.todo-api.aws_vpc.this"
          ]
        }
      ]
    },
    {
      "module": "module.todo-api",
      "mode": "managed",
      "type": "aws_route_table",
      "name": "public",
      "provider": "provider[\"registry.terraform.io/hashicorp/aws\"]",
      "instances": [
        {
          "schema_version": 0,
          "attributes": {
            "arn": "arn:aws:ec2:us-east-1:182399709644:route-table/rtb-0f352c57dd8da4701",
            "id": "rtb-0f352c57dd8da4701",
            "owner_id": "182399709644",
            "propagating_vgws": [],
            "route": [
              {
                "carrier_gateway_id": "",
                "cidr_block": "0.0.0.0/0",
                "core_network_arn": "",
                "destination_prefix_list_id": "",
                "egress_only_gateway_id": "",
                "gateway_id": "igw-0f36b833a8c5f668f",
                "ipv6_cidr_block": "",
                "local_gateway_id": "",
                "nat_gateway_id": "",
                "network_interface_id": "",
                "transit_gateway_id": "",
                "vpc_endpoint_id": "",
                "vpc_peering_connection_id": ""
              }
            ],
            "tags": {
              "Name": "todo-pub-rt-001"
            },
            "tags_all": {
              "Name": "todo-pub-rt-001"
            },
            "timeouts": null,
            "vpc_id": "vpc-0b637228e04ecdfe3"
          },
          "sensitive_attributes": [],
          "private": "eyJlMmJmYjczMC1lY2FhLTExZTYtOGY4OC0zNDM2M2JjN2M0YzAiOnsiY3JlYXRlIjozMDAwMDAwMDAwMDAsImRlbGV0ZSI6MzAwMDAwMDAwMDAwLCJ1cGRhdGUiOjEyMDAwMDAwMDAwMH19",
          "dependencies": [
            "module.todo-api.aws_internet_gateway.this",
            "module.todo-api.aws_vpc.this"
          ]
        }
      ]
    },
    {
      "module": "module.todo-api",
      "mode": "managed",
      "type": "aws_route_table_association",
      "name": "private",
      "provider": "provider[\"registry.terraform.io/hashicorp/aws\"]",
      "instances": [
        {
          "index_key": "priv-subnet-1",
          "schema_version": 0,
          "attributes": {
            "gateway_id": "",
            "id": "rtbassoc-046d75d5ac668bbc0",
            "route_table_id": "rtb-0db914cbc71213155",
            "subnet_id": "subnet-0fa5020a03280c3c3",
            "timeouts": null
          },
          "sensitive_attributes": [],
          "private": "eyJlMmJmYjczMC1lY2FhLTExZTYtOGY4OC0zNDM2M2JjN2M0YzAiOnsiY3JlYXRlIjozMDAwMDAwMDAwMDAsImRlbGV0ZSI6MzAwMDAwMDAwMDAwLCJ1cGRhdGUiOjEyMDAwMDAwMDAwMH19",
          "dependencies": [
            "module.todo-api.aws_route_table.private",
            "module.todo-api.aws_subnet.private",
            "module.todo-api.aws_vpc.this"
          ]
        },
        {
          "index_key": "priv-subnet-2",
          "schema_version": 0,
          "attributes": {
            "gateway_id": "",
            "id": "rtbassoc-050104a88083e74c5",
            "route_table_id": "rtb-0ef12d19e68047d90",
            "subnet_id": "subnet-094430b108b344ee2",
            "timeouts": null
          },
          "sensitive_attributes": [],
          "private": "eyJlMmJmYjczMC1lY2FhLTExZTYtOGY4OC0zNDM2M2JjN2M0YzAiOnsiY3JlYXRlIjozMDAwMDAwMDAwMDAsImRlbGV0ZSI6MzAwMDAwMDAwMDAwLCJ1cGRhdGUiOjEyMDAwMDAwMDAwMH19",
          "dependencies": [
            "module.todo-api.aws_route_table.private",
            "module.todo-api.aws_subnet.private",
            "module.todo-api.aws_vpc.this"
          ]
        }
      ]
    },
    {
      "module": "module.todo-api",
      "mode": "managed",
      "type": "aws_route_table_association",
      "name": "public",
      "provider": "provider[\"registry.terraform.io/hashicorp/aws\"]",
      "instances": [
        {
          "index_key": "pub-subnet-1",
          "schema_version": 0,
          "attributes": {
            "gateway_id": "",
            "id": "rtbassoc-06155e69ef6a9fd76",
            "route_table_id": "rtb-0f352c57dd8da4701",
            "subnet_id": "subnet-0f8cbbec5a857c820",
            "timeouts": null
          },
          "sensitive_attributes": [],
          "private": "eyJlMmJmYjczMC1lY2FhLTExZTYtOGY4OC0zNDM2M2JjN2M0YzAiOnsiY3JlYXRlIjozMDAwMDAwMDAwMDAsImRlbGV0ZSI6MzAwMDAwMDAwMDAwLCJ1cGRhdGUiOjEyMDAwMDAwMDAwMH19",
          "dependencies": [
            "module.todo-api.aws_internet_gateway.this",
            "module.todo-api.aws_route_table.public",
            "module.todo-api.aws_subnet.public",
            "module.todo-api.aws_vpc.this"
          ]
        },
        {
          "index_key": "pub-subnet-2",
          "schema_version": 0,
          "attributes": {
            "gateway_id": "",
            "id": "rtbassoc-0743dc800523e1fdc",
            "route_table_id": "rtb-0f352c57dd8da4701",
            "subnet_id": "subnet-0475a32b0dd7b37e8",
            "timeouts": null
          },
          "sensitive_attributes": [],
          "private": "eyJlMmJmYjczMC1lY2FhLTExZTYtOGY4OC0zNDM2M2JjN2M0YzAiOnsiY3JlYXRlIjozMDAwMDAwMDAwMDAsImRlbGV0ZSI6MzAwMDAwMDAwMDAwLCJ1cGRhdGUiOjEyMDAwMDAwMDAwMH19",
          "dependencies": [
            "module.todo-api.aws_internet_gateway.this",
            "module.todo-api.aws_route_table.public",
            "module.todo-api.aws_subnet.public",
            "module.todo-api.aws_vpc.this"
          ]
        }
      ]
    },
    {
      "module": "module.todo-api",
      "mode": "managed",
      "type": "aws_s3_bucket",
      "name": "lambda_bucket",
      "provider": "provider[\"registry.terraform.io/hashicorp/aws\"]",
      "instances": [
        {
          "schema_version": 0,
          "attributes": {
            "acceleration_status": "",
            "acl": null,
            "arn": "arn:aws:s3:::todo-code-bucket",
            "bucket": "todo-code-bucket",
            "bucket_domain_name": "todo-code-bucket.s3.amazonaws.com",
            "bucket_prefix": "",
            "bucket_regional_domain_name": "todo-code-bucket.s3.us-east-1.amazonaws.com",
            "cors_rule": [],
            "force_destroy": false,
            "grant": [
              {
                "id": "62bace2a62ad6c7e9fe4100f1bcfefeed2ab4528636db9cc071e6b43eb5541d5",
                "permissions": [
                  "FULL_CONTROL"
                ],
                "type": "CanonicalUser",
                "uri": ""
              }
            ],
            "hosted_zone_id": "Z3AQBSTGFYJSTF",
            "id": "todo-code-bucket",
            "lifecycle_rule": [],
            "logging": [],
            "object_lock_configuration": [],
            "object_lock_enabled": false,
            "policy": "",
            "region": "us-east-1",
            "replication_configuration": [],
            "request_payer": "BucketOwner",
            "server_side_encryption_configuration": [
              {
                "rule": [
                  {
                    "apply_server_side_encryption_by_default": [
                      {
                        "kms_master_key_id": "",
                        "sse_algorithm": "AES256"
                      }
                    ],
                    "bucket_key_enabled": false
                  }
                ]
              }
            ],
            "tags": {},
            "tags_all": {},
            "timeouts": null,
            "versioning": [
              {
                "enabled": true,
                "mfa_delete": false
              }
            ],
            "website": [],
            "website_domain": null,
            "website_endpoint": null
          },
          "sensitive_attributes": [],
          "private": "eyJlMmJmYjczMC1lY2FhLTExZTYtOGY4OC0zNDM2M2JjN2M0YzAiOnsiY3JlYXRlIjoxMjAwMDAwMDAwMDAwLCJkZWxldGUiOjM2MDAwMDAwMDAwMDAsInJlYWQiOjEyMDAwMDAwMDAwMDAsInVwZGF0ZSI6MTIwMDAwMDAwMDAwMH19"
        }
      ]
    },
    {
      "module": "module.todo-api",
      "mode": "managed",
      "type": "aws_s3_bucket_versioning",
      "name": "lambda_bucket_versioning",
      "provider": "provider[\"registry.terraform.io/hashicorp/aws\"]",
      "instances": [
        {
          "schema_version": 0,
          "attributes": {
            "bucket": "todo-code-bucket",
            "expected_bucket_owner": "",
            "id": "todo-code-bucket",
            "mfa": null,
            "versioning_configuration": [
              {
                "mfa_delete": "",
                "status": "Enabled"
              }
            ]
          },
          "sensitive_attributes": [],
          "private": "bnVsbA==",
          "dependencies": [
            "module.todo-api.aws_s3_bucket.lambda_bucket"
          ]
        }
      ]
    },
    {
      "module": "module.todo-api",
      "mode": "managed",
      "type": "aws_s3_object",
      "name": "lambda_code",
      "provider": "provider[\"registry.terraform.io/hashicorp/aws\"]",
      "instances": [
        {
          "schema_version": 0,
          "attributes": {
            "acl": null,
            "arn": "arn:aws:s3:::todo-code-bucket/lambda.zip",
            "bucket": "todo-code-bucket",
            "bucket_key_enabled": false,
            "cache_control": "",
            "checksum_algorithm": null,
            "checksum_crc32": "",
            "checksum_crc32c": "",
            "checksum_sha1": "",
            "checksum_sha256": "",
            "content": null,
            "content_base64": null,
            "content_disposition": "",
            "content_encoding": "",
            "content_language": "",
            "content_type": "binary/octet-stream",
            "etag": "377f0c52706adf0436915029471ca3fc-4",
            "force_destroy": false,
            "id": "lambda.zip",
            "key": "lambda.zip",
            "kms_key_id": null,
            "metadata": {},
            "object_lock_legal_hold_status": "",
            "object_lock_mode": "",
            "object_lock_retain_until_date": "",
            "override_provider": [],
            "server_side_encryption": "AES256",
            "source": "modules/backend/lambda.zip",
            "source_hash": null,
            "storage_class": "STANDARD",
            "tags": {},
            "tags_all": {},
            "version_id": "TKqWZKsWN.uTRn11qeT9cl2hcefh3j4x",
            "website_redirect": ""
          },
          "sensitive_attributes": [],
          "private": "bnVsbA==",
          "dependencies": [
            "module.todo-api.aws_s3_bucket.lambda_bucket",
            "module.todo-api.data.archive_file.lambda_zip"
          ]
        }
      ]
    },
    {
      "module": "module.todo-api",
      "mode": "managed",
      "type": "aws_secretsmanager_secret",
      "name": "db_secret",
      "provider": "provider[\"registry.terraform.io/hashicorp/aws\"]",
      "instances": [
        {
          "schema_version": 0,
          "attributes": {
            "arn": "arn:aws:secretsmanager:us-east-1:182399709644:secret:rds-db-pwd-1AEskV",
            "description": "DB credentials for RDS",
            "force_overwrite_replica_secret": true,
            "id": "arn:aws:secretsmanager:us-east-1:182399709644:secret:rds-db-pwd-1AEskV",
            "kms_key_id": "arn:aws:kms:us-east-1:182399709644:key/a5d4d731-02d6-4338-be8c-4c49e45b1aed",
            "name": "rds-db-pwd",
            "name_prefix": "",
            "policy": "",
            "recovery_window_in_days": 0,
            "replica": [],
            "tags": {},
            "tags_all": {}
          },
          "sensitive_attributes": [],
          "private": "bnVsbA==",
          "dependencies": [
            "module.todo-api.aws_kms_key.this"
          ]
        }
      ]
    },
    {
      "module": "module.todo-api",
      "mode": "managed",
      "type": "aws_secretsmanager_secret",
      "name": "sentry_secret",
      "provider": "provider[\"registry.terraform.io/hashicorp/aws\"]",
      "instances": [
        {
          "schema_version": 0,
          "attributes": {
            "arn": "arn:aws:secretsmanager:us-east-1:182399709644:secret:sentry-dsn-v1-F10QtK",
            "description": "",
            "force_overwrite_replica_secret": true,
            "id": "arn:aws:secretsmanager:us-east-1:182399709644:secret:sentry-dsn-v1-F10QtK",
            "kms_key_id": "",
            "name": "sentry-dsn-v1",
            "name_prefix": "",
            "policy": "",
            "recovery_window_in_days": 0,
            "replica": [],
            "tags": {},
            "tags_all": {}
          },
          "sensitive_attributes": [],
          "private": "bnVsbA=="
        }
      ]
    },
    {
      "module": "module.todo-api",
      "mode": "managed",
      "type": "aws_secretsmanager_secret",
      "name": "splunk_secret",
      "provider": "provider[\"registry.terraform.io/hashicorp/aws\"]",
      "instances": [
        {
          "schema_version": 0,
          "attributes": {
            "arn": "arn:aws:secretsmanager:us-east-1:182399709644:secret:splunk-hec-secret-TE151W",
            "description": "Splunk HEC Token for logging",
            "force_overwrite_replica_secret": true,
            "id": "arn:aws:secretsmanager:us-east-1:182399709644:secret:splunk-hec-secret-TE151W",
            "kms_key_id": "",
            "name": "splunk-hec-secret",
            "name_prefix": "",
            "policy": "",
            "recovery_window_in_days": 0,
            "replica": [],
            "tags": {},
            "tags_all": {}
          },
          "sensitive_attributes": [],
          "private": "bnVsbA=="
        }
      ]
    },
    {
      "module": "module.todo-api",
      "mode": "managed",
      "type": "aws_secretsmanager_secret_version",
      "name": "db_secret",
      "provider": "provider[\"registry.terraform.io/hashicorp/aws\"]",
      "instances": [
        {
          "schema_version": 0,
          "attributes": {
            "arn": "arn:aws:secretsmanager:us-east-1:182399709644:secret:rds-db-pwd-1AEskV",
            "id": "arn:aws:secretsmanager:us-east-1:182399709644:secret:rds-db-pwd-1AEskV|terraform-20250204222914390100000001",
            "secret_binary": "",
            "secret_id": "arn:aws:secretsmanager:us-east-1:182399709644:secret:rds-db-pwd-1AEskV",
            "secret_string": "{\"password\":\"OHejkv0dMVCSpTrK\"}",
            "version_id": "terraform-20250204222914390100000001",
            "version_stages": [
              "AWSCURRENT"
            ]
          },
          "sensitive_attributes": [
            [
              {
                "type": "get_attr",
                "value": "secret_binary"
              }
            ],
            [
              {
                "type": "get_attr",
                "value": "secret_string"
              }
            ]
          ],
          "private": "bnVsbA==",
          "dependencies": [
            "module.todo-api.aws_kms_key.this",
            "module.todo-api.aws_secretsmanager_secret.db_secret",
            "module.todo-api.random_password.db_password"
          ]
        }
      ]
    },
    {
      "module": "module.todo-api",
      "mode": "managed",
      "type": "aws_secretsmanager_secret_version",
      "name": "sentry_secret_version",
      "provider": "provider[\"registry.terraform.io/hashicorp/aws\"]",
      "instances": [
        {
          "schema_version": 0,
          "attributes": {
            "arn": "arn:aws:secretsmanager:us-east-1:182399709644:secret:sentry-dsn-v1-F10QtK",
            "id": "arn:aws:secretsmanager:us-east-1:182399709644:secret:sentry-dsn-v1-F10QtK|terraform-20250204220632483400000002",
            "secret_binary": "",
            "secret_id": "arn:aws:secretsmanager:us-east-1:182399709644:secret:sentry-dsn-v1-F10QtK",
            "secret_string": "{\"dsn\":\"https://sentry-dsn-v1@sentry.io/your-project-id\"}",
            "version_id": "terraform-20250204220632483400000002",
            "version_stages": [
              "AWSPREVIOUS"
            ]
          },
          "sensitive_attributes": [
            [
              {
                "type": "get_attr",
                "value": "secret_binary"
              }
            ],
            [
              {
                "type": "get_attr",
                "value": "secret_string"
              }
            ]
          ],
          "private": "bnVsbA==",
          "dependencies": [
            "module.todo-api.aws_secretsmanager_secret.sentry_secret"
          ]
        }
      ]
    },
    {
      "module": "module.todo-api",
      "mode": "managed",
      "type": "aws_secretsmanager_secret_version",
      "name": "splunk_secret_version",
      "provider": "provider[\"registry.terraform.io/hashicorp/aws\"]",
      "instances": [
        {
          "schema_version": 0,
          "attributes": {
            "arn": "arn:aws:secretsmanager:us-east-1:182399709644:secret:splunk-hec-secret-TE151W",
            "id": "arn:aws:secretsmanager:us-east-1:182399709644:secret:splunk-hec-secret-TE151W|terraform-20250204214939661800000004",
            "secret_binary": "",
            "secret_id": "arn:aws:secretsmanager:us-east-1:182399709644:secret:splunk-hec-secret-TE151W",
            "secret_string": "{\"token\":\"splunk-hec-secret\"}",
            "version_id": "terraform-20250204214939661800000004",
            "version_stages": [
              "AWSPREVIOUS"
            ]
          },
          "sensitive_attributes": [
            [
              {
                "type": "get_attr",
                "value": "secret_binary"
              }
            ],
            [
              {
                "type": "get_attr",
                "value": "secret_string"
              }
            ]
          ],
          "private": "bnVsbA==",
          "dependencies": [
            "module.todo-api.aws_secretsmanager_secret.splunk_secret"
          ]
        }
      ]
    },
    {
      "module": "module.todo-api",
      "mode": "managed",
      "type": "aws_security_group",
      "name": "lambda",
      "provider": "provider[\"registry.terraform.io/hashicorp/aws\"]",
      "instances": [
        {
          "schema_version": 1,
          "attributes": {
            "arn": "arn:aws:ec2:us-east-1:182399709644:security-group/sg-03526d48b5ef4af71",
            "description": "Managed by Terraform",
            "egress": [
              {
                "cidr_blocks": [
                  "0.0.0.0/0"
                ],
                "description": "",
                "from_port": 0,
                "ipv6_cidr_blocks": [],
                "prefix_list_ids": [],
                "protocol": "-1",
                "security_groups": [],
                "self": false,
                "to_port": 0
              }
            ],
            "id": "sg-03526d48b5ef4af71",
            "ingress": [],
            "name": "todo-lambda-sg20250204213644153600000007",
            "name_prefix": "todo-lambda-sg",
            "owner_id": "182399709644",
            "revoke_rules_on_delete": false,
            "tags": {},
            "tags_all": {},
            "timeouts": null,
            "vpc_id": "vpc-0b637228e04ecdfe3"
          },
          "sensitive_attributes": [],
          "private": "eyJlMmJmYjczMC1lY2FhLTExZTYtOGY4OC0zNDM2M2JjN2M0YzAiOnsiY3JlYXRlIjo2MDAwMDAwMDAwMDAsImRlbGV0ZSI6OTAwMDAwMDAwMDAwfSwic2NoZW1hX3ZlcnNpb24iOiIxIn0=",
          "dependencies": [
            "module.todo-api.aws_vpc.this"
          ]
        }
      ]
    },
    {
      "module": "module.todo-api",
      "mode": "managed",
      "type": "aws_security_group",
      "name": "rds",
      "provider": "provider[\"registry.terraform.io/hashicorp/aws\"]",
      "instances": [
        {
          "schema_version": 1,
          "attributes": {
            "arn": "arn:aws:ec2:us-east-1:182399709644:security-group/sg-04552a1d11c2fb527",
            "description": "Managed by Terraform",
            "egress": [
              {
                "cidr_blocks": [
                  "0.0.0.0/0"
                ],
                "description": "",
                "from_port": 0,
                "ipv6_cidr_blocks": [],
                "prefix_list_ids": [],
                "protocol": "-1",
                "security_groups": [],
                "self": false,
                "to_port": 0
              }
            ],
            "id": "sg-04552a1d11c2fb527",
            "ingress": [
              {
                "cidr_blocks": [
                  "0.0.0.0/0"
                ],
                "description": "WARNING: Allow PostgreSQL access from anywhere (Development Only - Not for Production)",
                "from_port": 5432,
                "ipv6_cidr_blocks": [],
                "prefix_list_ids": [],
                "protocol": "tcp",
                "security_groups": [],
                "self": false,
                "to_port": 5432
              },
              {
                "cidr_blocks": [],
                "description": "Allow PostgreSQL access from Lambda functions",
                "from_port": 5432,
                "ipv6_cidr_blocks": [],
                "prefix_list_ids": [],
                "protocol": "tcp",
                "security_groups": [
                  "sg-03526d48b5ef4af71"
                ],
                "self": false,
                "to_port": 5432
              }
            ],
            "name": "todo-rds-sg20250204213644149400000006",
            "name_prefix": "todo-rds-sg",
            "owner_id": "182399709644",
            "revoke_rules_on_delete": false,
            "tags": {},
            "tags_all": {},
            "timeouts": null,
            "vpc_id": "vpc-0b637228e04ecdfe3"
          },
          "sensitive_attributes": [],
          "private": "eyJlMmJmYjczMC1lY2FhLTExZTYtOGY4OC0zNDM2M2JjN2M0YzAiOnsiY3JlYXRlIjo2MDAwMDAwMDAwMDAsImRlbGV0ZSI6OTAwMDAwMDAwMDAwfSwic2NoZW1hX3ZlcnNpb24iOiIxIn0=",
          "dependencies": [
            "module.todo-api.aws_vpc.this"
          ]
        }
      ]
    },
    {
      "module": "module.todo-api",
      "mode": "managed",
      "type": "aws_subnet",
      "name": "private",
      "provider": "provider[\"registry.terraform.io/hashicorp/aws\"]",
      "instances": [
        {
          "index_key": "priv-subnet-1",
          "schema_version": 1,
          "attributes": {
            "arn": "arn:aws:ec2:us-east-1:182399709644:subnet/subnet-0fa5020a03280c3c3",
            "assign_ipv6_address_on_creation": false,
            "availability_zone": "us-east-1a",
            "availability_zone_id": "use1-az2",
            "cidr_block": "172.32.2.0/24",
            "customer_owned_ipv4_pool": "",
            "enable_dns64": false,
            "enable_lni_at_device_index": 0,
            "enable_resource_name_dns_a_record_on_launch": false,
            "enable_resource_name_dns_aaaa_record_on_launch": false,
            "id": "subnet-0fa5020a03280c3c3",
            "ipv6_cidr_block": "",
            "ipv6_cidr_block_association_id": "",
            "ipv6_native": false,
            "map_customer_owned_ip_on_launch": false,
            "map_public_ip_on_launch": false,
            "outpost_arn": "",
            "owner_id": "182399709644",
            "private_dns_hostname_type_on_launch": "ip-name",
            "tags": {
              "Name": "todo-pvt-vlan-001"
            },
            "tags_all": {
              "Name": "todo-pvt-vlan-001"
            },
            "timeouts": null,
            "vpc_id": "vpc-0b637228e04ecdfe3"
          },
          "sensitive_attributes": [],
          "private": "eyJlMmJmYjczMC1lY2FhLTExZTYtOGY4OC0zNDM2M2JjN2M0YzAiOnsiY3JlYXRlIjo2MDAwMDAwMDAwMDAsImRlbGV0ZSI6MTIwMDAwMDAwMDAwMH0sInNjaGVtYV92ZXJzaW9uIjoiMSJ9",
          "dependencies": [
            "module.todo-api.aws_vpc.this"
          ]
        },
        {
          "index_key": "priv-subnet-2",
          "schema_version": 1,
          "attributes": {
            "arn": "arn:aws:ec2:us-east-1:182399709644:subnet/subnet-094430b108b344ee2",
            "assign_ipv6_address_on_creation": false,
            "availability_zone": "us-east-1b",
            "availability_zone_id": "use1-az4",
            "cidr_block": "172.32.3.0/24",
            "customer_owned_ipv4_pool": "",
            "enable_dns64": false,
            "enable_lni_at_device_index": 0,
            "enable_resource_name_dns_a_record_on_launch": false,
            "enable_resource_name_dns_aaaa_record_on_launch": false,
            "id": "subnet-094430b108b344ee2",
            "ipv6_cidr_block": "",
            "ipv6_cidr_block_association_id": "",
            "ipv6_native": false,
            "map_customer_owned_ip_on_launch": false,
            "map_public_ip_on_launch": false,
            "outpost_arn": "",
            "owner_id": "182399709644",
            "private_dns_hostname_type_on_launch": "ip-name",
            "tags": {
              "Name": "todo-pvt-vlan-002"
            },
            "tags_all": {
              "Name": "todo-pvt-vlan-002"
            },
            "timeouts": null,
            "vpc_id": "vpc-0b637228e04ecdfe3"
          },
          "sensitive_attributes": [],
          "private": "eyJlMmJmYjczMC1lY2FhLTExZTYtOGY4OC0zNDM2M2JjN2M0YzAiOnsiY3JlYXRlIjo2MDAwMDAwMDAwMDAsImRlbGV0ZSI6MTIwMDAwMDAwMDAwMH0sInNjaGVtYV92ZXJzaW9uIjoiMSJ9",
          "dependencies": [
            "module.todo-api.aws_vpc.this"
          ]
        }
      ]
    },
    {
      "module": "module.todo-api",
      "mode": "managed",
      "type": "aws_subnet",
      "name": "public",
      "provider": "provider[\"registry.terraform.io/hashicorp/aws\"]",
      "instances": [
        {
          "index_key": "pub-subnet-1",
          "schema_version": 1,
          "attributes": {
            "arn": "arn:aws:ec2:us-east-1:182399709644:subnet/subnet-0f8cbbec5a857c820",
            "assign_ipv6_address_on_creation": false,
            "availability_zone": "us-east-1a",
            "availability_zone_id": "use1-az2",
            "cidr_block": "172.32.0.0/24",
            "customer_owned_ipv4_pool": "",
            "enable_dns64": false,
            "enable_lni_at_device_index": 0,
            "enable_resource_name_dns_a_record_on_launch": false,
            "enable_resource_name_dns_aaaa_record_on_launch": false,
            "id": "subnet-0f8cbbec5a857c820",
            "ipv6_cidr_block": "",
            "ipv6_cidr_block_association_id": "",
            "ipv6_native": false,
            "map_customer_owned_ip_on_launch": false,
            "map_public_ip_on_launch": true,
            "outpost_arn": "",
            "owner_id": "182399709644",
            "private_dns_hostname_type_on_launch": "ip-name",
            "tags": {
              "Name": "todo-pub-vlan-001"
            },
            "tags_all": {
              "Name": "todo-pub-vlan-001"
            },
            "timeouts": null,
            "vpc_id": "vpc-0b637228e04ecdfe3"
          },
          "sensitive_attributes": [],
          "private": "eyJlMmJmYjczMC1lY2FhLTExZTYtOGY4OC0zNDM2M2JjN2M0YzAiOnsiY3JlYXRlIjo2MDAwMDAwMDAwMDAsImRlbGV0ZSI6MTIwMDAwMDAwMDAwMH0sInNjaGVtYV92ZXJzaW9uIjoiMSJ9",
          "dependencies": [
            "module.todo-api.aws_vpc.this"
          ]
        },
        {
          "index_key": "pub-subnet-2",
          "schema_version": 1,
          "attributes": {
            "arn": "arn:aws:ec2:us-east-1:182399709644:subnet/subnet-0475a32b0dd7b37e8",
            "assign_ipv6_address_on_creation": false,
            "availability_zone": "us-east-1b",
            "availability_zone_id": "use1-az4",
            "cidr_block": "172.32.1.0/24",
            "customer_owned_ipv4_pool": "",
            "enable_dns64": false,
            "enable_lni_at_device_index": 0,
            "enable_resource_name_dns_a_record_on_launch": false,
            "enable_resource_name_dns_aaaa_record_on_launch": false,
            "id": "subnet-0475a32b0dd7b37e8",
            "ipv6_cidr_block": "",
            "ipv6_cidr_block_association_id": "",
            "ipv6_native": false,
            "map_customer_owned_ip_on_launch": false,
            "map_public_ip_on_launch": true,
            "outpost_arn": "",
            "owner_id": "182399709644",
            "private_dns_hostname_type_on_launch": "ip-name",
            "tags": {
              "Name": "todo-pub-vlan-002"
            },
            "tags_all": {
              "Name": "todo-pub-vlan-002"
            },
            "timeouts": null,
            "vpc_id": "vpc-0b637228e04ecdfe3"
          },
          "sensitive_attributes": [],
          "private": "eyJlMmJmYjczMC1lY2FhLTExZTYtOGY4OC0zNDM2M2JjN2M0YzAiOnsiY3JlYXRlIjo2MDAwMDAwMDAwMDAsImRlbGV0ZSI6MTIwMDAwMDAwMDAwMH0sInNjaGVtYV92ZXJzaW9uIjoiMSJ9",
          "dependencies": [
            "module.todo-api.aws_vpc.this"
          ]
        }
      ]
    },
    {
      "module": "module.todo-api",
      "mode": "managed",
      "type": "aws_vpc",
      "name": "this",
      "provider": "provider[\"registry.terraform.io/hashicorp/aws\"]",
      "instances": [
        {
          "schema_version": 1,
          "attributes": {
            "arn": "arn:aws:ec2:us-east-1:182399709644:vpc/vpc-0b637228e04ecdfe3",
            "assign_generated_ipv6_cidr_block": true,
            "cidr_block": "172.32.0.0/16",
            "default_network_acl_id": "acl-0960d7215993051e7",
            "default_route_table_id": "rtb-0c7c6d0640323e208",
            "default_security_group_id": "sg-0f0ee0ec093532ce6",
            "dhcp_options_id": "dopt-063fa570b670ace60",
            "enable_dns_hostnames": true,
            "enable_dns_support": true,
            "enable_network_address_usage_metrics": false,
            "id": "vpc-0b637228e04ecdfe3",
            "instance_tenancy": "default",
            "ipv4_ipam_pool_id": null,
            "ipv4_netmask_length": null,
            "ipv6_association_id": "vpc-cidr-assoc-08a66e2809b4b4c06",
            "ipv6_cidr_block": "2600:1f18:3a64:7800::/56",
            "ipv6_cidr_block_network_border_group": "us-east-1",
            "ipv6_ipam_pool_id": "",
            "ipv6_netmask_length": 0,
            "main_route_table_id": "rtb-0c7c6d0640323e208",
            "owner_id": "182399709644",
            "tags": {
              "Name": "todo-vpc-001"
            },
            "tags_all": {
              "Name": "todo-vpc-001"
            }
          },
          "sensitive_attributes": [],
          "private": "eyJzY2hlbWFfdmVyc2lvbiI6IjEifQ=="
        }
      ]
    },
    {
      "module": "module.todo-api",
      "mode": "managed",
      "type": "aws_vpc_security_group_egress_rule",
      "name": "lambda_egress",
      "provider": "provider[\"registry.terraform.io/hashicorp/aws\"]",
      "instances": [
        {
          "schema_version": 0,
          "attributes": {
            "arn": "arn:aws:ec2:us-east-1:182399709644:security-group-rule/sgr-01fbcd91f573fa2c5",
            "cidr_ipv4": "0.0.0.0/0",
            "cidr_ipv6": null,
            "description": null,
            "from_port": null,
            "id": "sgr-01fbcd91f573fa2c5",
            "ip_protocol": "-1",
            "prefix_list_id": null,
            "referenced_security_group_id": null,
            "security_group_id": "sg-03526d48b5ef4af71",
            "security_group_rule_id": "sgr-01fbcd91f573fa2c5",
            "tags": null,
            "tags_all": {},
            "to_port": null
          },
          "sensitive_attributes": [],
          "dependencies": [
            "module.todo-api.aws_security_group.lambda",
            "module.todo-api.aws_vpc.this"
          ]
        }
      ]
    },
    {
      "module": "module.todo-api",
      "mode": "managed",
      "type": "aws_vpc_security_group_egress_rule",
      "name": "rds_egress",
      "provider": "provider[\"registry.terraform.io/hashicorp/aws\"]",
      "instances": [
        {
          "schema_version": 0,
          "attributes": {
            "arn": "arn:aws:ec2:us-east-1:182399709644:security-group-rule/sgr-02c4d8c591fad492a",
            "cidr_ipv4": "0.0.0.0/0",
            "cidr_ipv6": null,
            "description": null,
            "from_port": null,
            "id": "sgr-02c4d8c591fad492a",
            "ip_protocol": "-1",
            "prefix_list_id": null,
            "referenced_security_group_id": null,
            "security_group_id": "sg-04552a1d11c2fb527",
            "security_group_rule_id": "sgr-02c4d8c591fad492a",
            "tags": null,
            "tags_all": {},
            "to_port": null
          },
          "sensitive_attributes": [],
          "dependencies": [
            "module.todo-api.aws_security_group.rds",
            "module.todo-api.aws_vpc.this"
          ]
        }
      ]
    },
    {
      "module": "module.todo-api",
      "mode": "managed",
      "type": "aws_vpc_security_group_ingress_rule",
      "name": "rds_ingress_lambda",
      "provider": "provider[\"registry.terraform.io/hashicorp/aws\"]",
      "instances": [
        {
          "schema_version": 0,
          "attributes": {
            "arn": "arn:aws:ec2:us-east-1:182399709644:security-group-rule/sgr-062a52cb5425c42c5",
            "cidr_ipv4": null,
            "cidr_ipv6": null,
            "description": "Allow PostgreSQL access from Lambda functions",
            "from_port": 5432,
            "id": "sgr-062a52cb5425c42c5",
            "ip_protocol": "tcp",
            "prefix_list_id": null,
            "referenced_security_group_id": "sg-03526d48b5ef4af71",
            "security_group_id": "sg-04552a1d11c2fb527",
            "security_group_rule_id": "sgr-062a52cb5425c42c5",
            "tags": null,
            "tags_all": {},
            "to_port": 5432
          },
          "sensitive_attributes": [],
          "dependencies": [
            "module.todo-api.aws_security_group.lambda",
            "module.todo-api.aws_security_group.rds",
            "module.todo-api.aws_vpc.this"
          ]
        }
      ]
    },
    {
      "module": "module.todo-api",
      "mode": "managed",
      "type": "aws_vpc_security_group_ingress_rule",
      "name": "rds_ingress_public",
      "provider": "provider[\"registry.terraform.io/hashicorp/aws\"]",
      "instances": [
        {
          "schema_version": 0,
          "attributes": {
            "arn": "arn:aws:ec2:us-east-1:182399709644:security-group-rule/sgr-0b2cfebf840acf84a",
            "cidr_ipv4": "0.0.0.0/0",
            "cidr_ipv6": null,
            "description": "WARNING: Allow PostgreSQL access from anywhere (Development Only - Not for Production)",
            "from_port": 5432,
            "id": "sgr-0b2cfebf840acf84a",
            "ip_protocol": "tcp",
            "prefix_list_id": null,
            "referenced_security_group_id": null,
            "security_group_id": "sg-04552a1d11c2fb527",
            "security_group_rule_id": "sgr-0b2cfebf840acf84a",
            "tags": null,
            "tags_all": {},
            "to_port": 5432
          },
          "sensitive_attributes": [],
          "dependencies": [
            "module.todo-api.aws_security_group.rds",
            "module.todo-api.aws_vpc.this"
          ]
        }
      ]
    },
    {
      "module": "module.todo-api",
      "mode": "managed",
      "type": "random_password",
      "name": "db_password",
      "provider": "provider[\"registry.terraform.io/hashicorp/random\"]",
      "instances": [
        {
          "schema_version": 3,
          "attributes": {
            "bcrypt_hash": "$2a$10$QTZz.RvbbWTTG8meqJVYJ.b622wDnwPZLCCaqbNwqdrYtkwEwLEJW",
            "id": "none",
            "keepers": null,
            "length": 16,
            "lower": true,
            "min_lower": 0,
            "min_numeric": 0,
            "min_special": 0,
            "min_upper": 0,
            "number": true,
            "numeric": true,
            "override_special": "_%$!",
            "result": "OHejkv0dMVCSpTrK",
            "special": true,
            "upper": true
          },
          "sensitive_attributes": [
            [
              {
                "type": "get_attr",
                "value": "result"
              }
            ],
            [
              {
                "type": "get_attr",
                "value": "bcrypt_hash"
              }
            ]
          ]
        }
      ]
    }
  ],
  "check_results": null
}
